Microsoft Visual Studio Solution File, Format Version 12.00
# Visual Studio Version 17
VisualStudioVersion = 17.4.33205.214
MinimumVisualStudioVersion = 10.0.40219.1
Project("{FAE04EC0-301F-11D3-BF4B-00C04F79EFBC}") = "Microcharts.iOS", "Microcharts.iOS\Microcharts.iOS.csproj", "{8657B9BF-9D8E-4D3A-A5B2-23E9C0161909}"
EndProject
Project("{2150E333-8FDC-42A3-9474-1A3956D46DE8}") = "Samples", "Samples", "{4CD22C16-BBD8-46FF-9203-EB493B2E04E9}"
EndProject
Project("{9A19103F-16F7-4668-BE54-9A1E7A4F7556}") = "Microcharts.Samples", "Microcharts.Samples\Microcharts.Samples.csproj", "{6FBE798D-BB43-4BB5-9C61-D6DD5B0E623A}"
EndProject
Project("{FAE04EC0-301F-11D3-BF4B-00C04F79EFBC}") = "Microcharts.Droid", "Microcharts.Droid\Microcharts.Droid.csproj", "{18125022-45E6-46EC-855C-B36E4D41484D}"
EndProject
Project("{FAE04EC0-301F-11D3-BF4B-00C04F79EFBC}") = "Microcharts.Uwp", "Microcharts.Uwp\Microcharts.Uwp.csproj", "{4E28FCDE-60F6-45AE-B444-701D5F30BEFF}"
EndProject
Project("{FAE04EC0-301F-11D3-BF4B-00C04F79EFBC}") = "Microcharts.Samples.Uwp", "Microcharts.Samples.Uwp\Microcharts.Samples.Uwp.csproj", "{33901013-B4A3-4182-9048-49F2CF940429}"
EndProject
Project("{2150E333-8FDC-42A3-9474-1A3956D46DE8}") = "Platforms", "Platforms", "{4FF9B02F-4870-4B6E-B075-BE1D0C3976A1}"
EndProject
Project("{2150E333-8FDC-42A3-9474-1A3956D46DE8}") = "Platforms", "Platforms", "{C5532034-562E-484C-A575-9F4E65BCC269}"
EndProject
Project("{2150E333-8FDC-42A3-9474-1A3956D46DE8}") = "Forms", "Forms", "{371D4457-9946-40A6-AE2E-2DF8AA43A69B}"
EndProject
Project("{FAE04EC0-301F-11D3-BF4B-00C04F79EFBC}") = "Microcharts.macOS", "Microcharts.macOS\Microcharts.macOS.csproj", "{5F02212C-95CB-42A3-850F-C076267BB5DC}"
EndProject
Project("{FAE04EC0-301F-11D3-BF4B-00C04F79EFBC}") = "Microcharts.Samples.macOS", "Microcharts.Samples.macOS\Microcharts.Samples.macOS.csproj", "{1F1EDFB9-8305-46AD-B427-DDD92A87969E}"
EndProject
Project("{9A19103F-16F7-4668-BE54-9A1E7A4F7556}") = "Microcharts", "Microcharts\Microcharts.csproj", "{D07D3E94-E645-4035-A142-5F933A15D585}"
EndProject
Project("{9A19103F-16F7-4668-BE54-9A1E7A4F7556}") = "Microcharts.Forms", "Microcharts.Forms\Microcharts.Forms.csproj", "{E14AB0AB-031C-4A9F-8D41-F79BB54CDDE7}"
EndProject
Project("{FAE04EC0-301F-11D3-BF4B-00C04F79EFBC}") = "Microcharts.Samples.iOS", "Microcharts.Samples.iOS\Microcharts.Samples.iOS.csproj", "{E8626BE1-E233-4F4A-9084-673A987B9231}"
EndProject
Project("{9A19103F-16F7-4668-BE54-9A1E7A4F7556}") = "Microcharts.Samples.Forms", "Microcharts.Samples.Forms\Microcharts.Samples.Forms\Microcharts.Samples.Forms.csproj", "{EA72144A-ADE5-4990-AE8E-47EA05CB0B1F}"
EndProject
Project("{FAE04EC0-301F-11D3-BF4B-00C04F79EFBC}") = "Microcharts.Samples.Forms.Android", "Microcharts.Samples.Forms\Microcharts.Samples.Forms.Android\Microcharts.Samples.Forms.Android.csproj", "{57F645D7-DBC4-432D-85BE-865900B02AEF}"
EndProject
Project("{FAE04EC0-301F-11D3-BF4B-00C04F79EFBC}") = "Microcharts.Samples.Forms.iOS", "Microcharts.Samples.Forms\Microcharts.Samples.Forms.iOS\Microcharts.Samples.Forms.iOS.csproj", "{28DC5F01-070C-4117-A46F-C4855430DB4A}"
EndProject
Project("{FAE04EC0-301F-11D3-BF4B-00C04F79EFBC}") = "Microcharts.Samples.Android", "Microcharts.Samples.Android\Microcharts.Samples.Android.csproj", "{CC996DF4-E262-45B8-A450-D1E881FBE54D}"
EndProject
Project("{9A19103F-16F7-4668-BE54-9A1E7A4F7556}") = "Microcharts.Samples.Avalonia", "Microcharts.Samples.Avalonia\Microcharts.Samples.Avalonia.csproj", "{0D7728B7-C9A3-460F-8807-D0DEB34050A5}"
EndProject
Project("{9A19103F-16F7-4668-BE54-9A1E7A4F7556}") = "Microcharts.Avalonia", "Microcharts.Avalonia\Microcharts.Avalonia.csproj", "{3E90EA22-3416-460B-94CB-B81C785B8CBA}"
EndProject
Project("{9A19103F-16F7-4668-BE54-9A1E7A4F7556}") = "Microcharts.Eto", "Microcharts.Eto\Microcharts.Eto.csproj", "{DD27C0FC-C8C0-4F0D-8DED-3DAB258E78AC}"
EndProject
Project("{9A19103F-16F7-4668-BE54-9A1E7A4F7556}") = "Microcharts.Samples.Eto", "Microcharts.Samples.Eto\Microcharts.Samples.Eto.csproj", "{CD98BB95-237C-4BF7-9BF1-7DD7DFCFE8B1}"
EndProject
Project("{9A19103F-16F7-4668-BE54-9A1E7A4F7556}") = "Microcharts.Uno", "Microcharts.Uno\Microcharts.Uno.csproj", "{07439480-D535-4629-8A31-327AA6B6CC9E}"
EndProject
Project("{9A19103F-16F7-4668-BE54-9A1E7A4F7556}") = "Microcharts.WinUI", "Microcharts.WinUI\Microcharts.WinUI.csproj", "{3A137C97-C6E9-419F-AFFB-72A22110681D}"
EndProject
Project("{9A19103F-16F7-4668-BE54-9A1E7A4F7556}") = "Microcharts.Uno.WinUI", "Microcharts.Uno.WinUI\Microcharts.Uno.WinUI.csproj", "{1CFE38DC-56A6-4E54-A03C-D8C78677C353}"
EndProject
Project("{9A19103F-16F7-4668-BE54-9A1E7A4F7556}") = "Microcharts.Samples.WinUI", "Microcharts.Samples.WinUI\Microcharts.Samples.WinUI.csproj", "{DC806E1B-B94F-4249-A163-5767E7DF4E1F}"
EndProject
Project("{2150E333-8FDC-42A3-9474-1A3956D46DE8}") = "Uno", "Uno", "{6113043E-6DC3-4F3F-BD12-CFB4D3D911CD}"
EndProject
Project("{D954291E-2A0B-460D-934E-DC6B0785DB48}") = "Microcharts.Samples.Uno.Shared", "Microcharts.Samples.Uno\Microcharts.Samples.Uno.Shared\Microcharts.Samples.Uno.Shared.shproj", "{6279C845-92F8-4333-AB99-3D213163593C}"
EndProject
Project("{2150E333-8FDC-42A3-9474-1A3956D46DE8}") = "Platforms", "Platforms", "{2278323B-9B17-4BE4-A542-4BF61CE29FC3}"
EndProject
Project("{9A19103F-16F7-4668-BE54-9A1E7A4F7556}") = "Microcharts.Samples.Uno.Mobile", "Microcharts.Samples.Uno\Microcharts.Samples.Uno.Mobile\Microcharts.Samples.Uno.Mobile.csproj", "{C5FA00BC-9C6A-4AD1-93CD-DB9336D33FF7}"
EndProject
Project("{9A19103F-16F7-4668-BE54-9A1E7A4F7556}") = "Microcharts.Samples.Uno.Skia.Gtk", "Microcharts.Samples.Uno\Microcharts.Samples.Uno.Skia.Gtk\Microcharts.Samples.Uno.Skia.Gtk.csproj", "{839F8BB5-2C7F-48D8-B723-18C5443DB35A}"
EndProject
Project("{9A19103F-16F7-4668-BE54-9A1E7A4F7556}") = "Microcharts.Samples.Uno.Windows", "Microcharts.Samples.Uno\Microcharts.Samples.Uno.Windows\Microcharts.Samples.Uno.Windows.csproj", "{D1C8EF7E-9A71-4054-98C8-45B66494A049}"
EndProject
Project("{9A19103F-16F7-4668-BE54-9A1E7A4F7556}") = "Microcharts.Maui", "Microcharts.Maui\Microcharts.Maui.csproj", "{F262FF73-E804-4C4A-AFAD-56D507A67D38}"
EndProject
Project("{9A19103F-16F7-4668-BE54-9A1E7A4F7556}") = "Microcharts.Samples.Maui", "Microcharts.Samples.Maui\Microcharts.Samples.Maui.csproj", "{97DCC3D2-C6D6-4D0A-B67A-E126A7FAF14B}"
EndProject
Project("{2150E333-8FDC-42A3-9474-1A3956D46DE8}") = "NuSpec", "NuSpec", "{A2C7EDA0-7803-491E-8D99-B1A73C545629}"
	ProjectSection(SolutionItems) = preProject
		..\NuGet\Microcharts.nuspec = ..\NuGet\Microcharts.nuspec
	EndProjectSection
EndProject
Project("{2150E333-8FDC-42A3-9474-1A3956D46DE8}") = "Workflows", "Workflows", "{9353A93F-FCE9-44C6-A513-10D8C0FCFC35}"
	ProjectSection(SolutionItems) = preProject
		..\.github\workflows\CI-MacOS.yml = ..\.github\workflows\CI-MacOS.yml
		..\.github\workflows\CI-Windows.yml = ..\.github\workflows\CI-Windows.yml
	EndProjectSection
EndProject
Project("{2150E333-8FDC-42A3-9474-1A3956D46DE8}") = "Solution Items", "Solution Items", "{6FB6CEB2-BC88-4F4D-B11F-35DF45E3623A}"
	ProjectSection(SolutionItems) = preProject
		Directory.Build.props = Directory.Build.props
		Nuget.config = Nuget.config
	EndProjectSection
EndProject
Global
	GlobalSection(SolutionConfigurationPlatforms) = preSolution
		Debug|Any CPU = Debug|Any CPU
		Debug|ARM = Debug|ARM
		Debug|arm64 = Debug|arm64
		Debug|iPhone = Debug|iPhone
		Debug|iPhoneSimulator = Debug|iPhoneSimulator
		Debug|x64 = Debug|x64
		Debug|x86 = Debug|x86
		Release|Any CPU = Release|Any CPU
		Release|ARM = Release|ARM
		Release|arm64 = Release|arm64
		Release|iPhone = Release|iPhone
		Release|iPhoneSimulator = Release|iPhoneSimulator
		Release|x64 = Release|x64
		Release|x86 = Release|x86
	EndGlobalSection
	GlobalSection(ProjectConfigurationPlatforms) = postSolution
		{8657B9BF-9D8E-4D3A-A5B2-23E9C0161909}.Debug|Any CPU.ActiveCfg = Debug|Any CPU
		{8657B9BF-9D8E-4D3A-A5B2-23E9C0161909}.Debug|Any CPU.Build.0 = Debug|Any CPU
		{8657B9BF-9D8E-4D3A-A5B2-23E9C0161909}.Debug|ARM.ActiveCfg = Debug|Any CPU
		{8657B9BF-9D8E-4D3A-A5B2-23E9C0161909}.Debug|ARM.Build.0 = Debug|Any CPU
		{8657B9BF-9D8E-4D3A-A5B2-23E9C0161909}.Debug|arm64.ActiveCfg = Debug|Any CPU
		{8657B9BF-9D8E-4D3A-A5B2-23E9C0161909}.Debug|arm64.Build.0 = Debug|Any CPU
		{8657B9BF-9D8E-4D3A-A5B2-23E9C0161909}.Debug|iPhone.ActiveCfg = Debug|Any CPU
		{8657B9BF-9D8E-4D3A-A5B2-23E9C0161909}.Debug|iPhone.Build.0 = Debug|Any CPU
		{8657B9BF-9D8E-4D3A-A5B2-23E9C0161909}.Debug|iPhoneSimulator.ActiveCfg = Debug|Any CPU
		{8657B9BF-9D8E-4D3A-A5B2-23E9C0161909}.Debug|iPhoneSimulator.Build.0 = Debug|Any CPU
		{8657B9BF-9D8E-4D3A-A5B2-23E9C0161909}.Debug|x64.ActiveCfg = Debug|Any CPU
		{8657B9BF-9D8E-4D3A-A5B2-23E9C0161909}.Debug|x64.Build.0 = Debug|Any CPU
		{8657B9BF-9D8E-4D3A-A5B2-23E9C0161909}.Debug|x86.ActiveCfg = Debug|Any CPU
		{8657B9BF-9D8E-4D3A-A5B2-23E9C0161909}.Debug|x86.Build.0 = Debug|Any CPU
		{8657B9BF-9D8E-4D3A-A5B2-23E9C0161909}.Release|Any CPU.ActiveCfg = Release|Any CPU
		{8657B9BF-9D8E-4D3A-A5B2-23E9C0161909}.Release|Any CPU.Build.0 = Release|Any CPU
		{8657B9BF-9D8E-4D3A-A5B2-23E9C0161909}.Release|ARM.ActiveCfg = Release|Any CPU
		{8657B9BF-9D8E-4D3A-A5B2-23E9C0161909}.Release|ARM.Build.0 = Release|Any CPU
		{8657B9BF-9D8E-4D3A-A5B2-23E9C0161909}.Release|arm64.ActiveCfg = Release|Any CPU
		{8657B9BF-9D8E-4D3A-A5B2-23E9C0161909}.Release|arm64.Build.0 = Release|Any CPU
		{8657B9BF-9D8E-4D3A-A5B2-23E9C0161909}.Release|iPhone.ActiveCfg = Release|Any CPU
		{8657B9BF-9D8E-4D3A-A5B2-23E9C0161909}.Release|iPhone.Build.0 = Release|Any CPU
		{8657B9BF-9D8E-4D3A-A5B2-23E9C0161909}.Release|iPhoneSimulator.ActiveCfg = Release|Any CPU
		{8657B9BF-9D8E-4D3A-A5B2-23E9C0161909}.Release|iPhoneSimulator.Build.0 = Release|Any CPU
		{8657B9BF-9D8E-4D3A-A5B2-23E9C0161909}.Release|x64.ActiveCfg = Release|Any CPU
		{8657B9BF-9D8E-4D3A-A5B2-23E9C0161909}.Release|x64.Build.0 = Release|Any CPU
		{8657B9BF-9D8E-4D3A-A5B2-23E9C0161909}.Release|x86.ActiveCfg = Release|Any CPU
		{8657B9BF-9D8E-4D3A-A5B2-23E9C0161909}.Release|x86.Build.0 = Release|Any CPU
		{6FBE798D-BB43-4BB5-9C61-D6DD5B0E623A}.Debug|Any CPU.ActiveCfg = Debug|Any CPU
		{6FBE798D-BB43-4BB5-9C61-D6DD5B0E623A}.Debug|Any CPU.Build.0 = Debug|Any CPU
		{6FBE798D-BB43-4BB5-9C61-D6DD5B0E623A}.Debug|ARM.ActiveCfg = Debug|Any CPU
		{6FBE798D-BB43-4BB5-9C61-D6DD5B0E623A}.Debug|ARM.Build.0 = Debug|Any CPU
		{6FBE798D-BB43-4BB5-9C61-D6DD5B0E623A}.Debug|arm64.ActiveCfg = Debug|Any CPU
		{6FBE798D-BB43-4BB5-9C61-D6DD5B0E623A}.Debug|arm64.Build.0 = Debug|Any CPU
		{6FBE798D-BB43-4BB5-9C61-D6DD5B0E623A}.Debug|iPhone.ActiveCfg = Debug|Any CPU
		{6FBE798D-BB43-4BB5-9C61-D6DD5B0E623A}.Debug|iPhone.Build.0 = Debug|Any CPU
		{6FBE798D-BB43-4BB5-9C61-D6DD5B0E623A}.Debug|iPhoneSimulator.ActiveCfg = Debug|Any CPU
		{6FBE798D-BB43-4BB5-9C61-D6DD5B0E623A}.Debug|iPhoneSimulator.Build.0 = Debug|Any CPU
		{6FBE798D-BB43-4BB5-9C61-D6DD5B0E623A}.Debug|x64.ActiveCfg = Debug|Any CPU
		{6FBE798D-BB43-4BB5-9C61-D6DD5B0E623A}.Debug|x64.Build.0 = Debug|Any CPU
		{6FBE798D-BB43-4BB5-9C61-D6DD5B0E623A}.Debug|x86.ActiveCfg = Debug|Any CPU
		{6FBE798D-BB43-4BB5-9C61-D6DD5B0E623A}.Debug|x86.Build.0 = Debug|Any CPU
		{6FBE798D-BB43-4BB5-9C61-D6DD5B0E623A}.Release|Any CPU.ActiveCfg = Release|Any CPU
		{6FBE798D-BB43-4BB5-9C61-D6DD5B0E623A}.Release|Any CPU.Build.0 = Release|Any CPU
		{6FBE798D-BB43-4BB5-9C61-D6DD5B0E623A}.Release|ARM.ActiveCfg = Release|Any CPU
		{6FBE798D-BB43-4BB5-9C61-D6DD5B0E623A}.Release|ARM.Build.0 = Release|Any CPU
		{6FBE798D-BB43-4BB5-9C61-D6DD5B0E623A}.Release|arm64.ActiveCfg = Release|Any CPU
		{6FBE798D-BB43-4BB5-9C61-D6DD5B0E623A}.Release|arm64.Build.0 = Release|Any CPU
		{6FBE798D-BB43-4BB5-9C61-D6DD5B0E623A}.Release|iPhone.ActiveCfg = Release|Any CPU
		{6FBE798D-BB43-4BB5-9C61-D6DD5B0E623A}.Release|iPhone.Build.0 = Release|Any CPU
		{6FBE798D-BB43-4BB5-9C61-D6DD5B0E623A}.Release|iPhoneSimulator.ActiveCfg = Release|Any CPU
		{6FBE798D-BB43-4BB5-9C61-D6DD5B0E623A}.Release|iPhoneSimulator.Build.0 = Release|Any CPU
		{6FBE798D-BB43-4BB5-9C61-D6DD5B0E623A}.Release|x64.ActiveCfg = Release|Any CPU
		{6FBE798D-BB43-4BB5-9C61-D6DD5B0E623A}.Release|x64.Build.0 = Release|Any CPU
		{6FBE798D-BB43-4BB5-9C61-D6DD5B0E623A}.Release|x86.ActiveCfg = Release|Any CPU
		{6FBE798D-BB43-4BB5-9C61-D6DD5B0E623A}.Release|x86.Build.0 = Release|Any CPU
		{18125022-45E6-46EC-855C-B36E4D41484D}.Debug|Any CPU.ActiveCfg = Debug|Any CPU
		{18125022-45E6-46EC-855C-B36E4D41484D}.Debug|Any CPU.Build.0 = Debug|Any CPU
		{18125022-45E6-46EC-855C-B36E4D41484D}.Debug|ARM.ActiveCfg = Debug|Any CPU
		{18125022-45E6-46EC-855C-B36E4D41484D}.Debug|ARM.Build.0 = Debug|Any CPU
		{18125022-45E6-46EC-855C-B36E4D41484D}.Debug|arm64.ActiveCfg = Debug|Any CPU
		{18125022-45E6-46EC-855C-B36E4D41484D}.Debug|arm64.Build.0 = Debug|Any CPU
		{18125022-45E6-46EC-855C-B36E4D41484D}.Debug|iPhone.ActiveCfg = Debug|Any CPU
		{18125022-45E6-46EC-855C-B36E4D41484D}.Debug|iPhone.Build.0 = Debug|Any CPU
		{18125022-45E6-46EC-855C-B36E4D41484D}.Debug|iPhoneSimulator.ActiveCfg = Debug|Any CPU
		{18125022-45E6-46EC-855C-B36E4D41484D}.Debug|iPhoneSimulator.Build.0 = Debug|Any CPU
		{18125022-45E6-46EC-855C-B36E4D41484D}.Debug|x64.ActiveCfg = Debug|Any CPU
		{18125022-45E6-46EC-855C-B36E4D41484D}.Debug|x64.Build.0 = Debug|Any CPU
		{18125022-45E6-46EC-855C-B36E4D41484D}.Debug|x86.ActiveCfg = Debug|Any CPU
		{18125022-45E6-46EC-855C-B36E4D41484D}.Debug|x86.Build.0 = Debug|Any CPU
		{18125022-45E6-46EC-855C-B36E4D41484D}.Release|Any CPU.ActiveCfg = Release|Any CPU
		{18125022-45E6-46EC-855C-B36E4D41484D}.Release|Any CPU.Build.0 = Release|Any CPU
		{18125022-45E6-46EC-855C-B36E4D41484D}.Release|ARM.ActiveCfg = Release|Any CPU
		{18125022-45E6-46EC-855C-B36E4D41484D}.Release|ARM.Build.0 = Release|Any CPU
		{18125022-45E6-46EC-855C-B36E4D41484D}.Release|arm64.ActiveCfg = Release|Any CPU
		{18125022-45E6-46EC-855C-B36E4D41484D}.Release|arm64.Build.0 = Release|Any CPU
		{18125022-45E6-46EC-855C-B36E4D41484D}.Release|iPhone.ActiveCfg = Release|Any CPU
		{18125022-45E6-46EC-855C-B36E4D41484D}.Release|iPhone.Build.0 = Release|Any CPU
		{18125022-45E6-46EC-855C-B36E4D41484D}.Release|iPhoneSimulator.ActiveCfg = Release|Any CPU
		{18125022-45E6-46EC-855C-B36E4D41484D}.Release|iPhoneSimulator.Build.0 = Release|Any CPU
		{18125022-45E6-46EC-855C-B36E4D41484D}.Release|x64.ActiveCfg = Release|Any CPU
		{18125022-45E6-46EC-855C-B36E4D41484D}.Release|x64.Build.0 = Release|Any CPU
		{18125022-45E6-46EC-855C-B36E4D41484D}.Release|x86.ActiveCfg = Release|Any CPU
		{18125022-45E6-46EC-855C-B36E4D41484D}.Release|x86.Build.0 = Release|Any CPU
		{4E28FCDE-60F6-45AE-B444-701D5F30BEFF}.Debug|Any CPU.ActiveCfg = Debug|Any CPU
		{4E28FCDE-60F6-45AE-B444-701D5F30BEFF}.Debug|Any CPU.Build.0 = Debug|Any CPU
		{4E28FCDE-60F6-45AE-B444-701D5F30BEFF}.Debug|ARM.ActiveCfg = Debug|ARM
		{4E28FCDE-60F6-45AE-B444-701D5F30BEFF}.Debug|ARM.Build.0 = Debug|ARM
		{4E28FCDE-60F6-45AE-B444-701D5F30BEFF}.Debug|arm64.ActiveCfg = Debug|Any CPU
		{4E28FCDE-60F6-45AE-B444-701D5F30BEFF}.Debug|arm64.Build.0 = Debug|Any CPU
		{4E28FCDE-60F6-45AE-B444-701D5F30BEFF}.Debug|iPhone.ActiveCfg = Debug|Any CPU
		{4E28FCDE-60F6-45AE-B444-701D5F30BEFF}.Debug|iPhone.Build.0 = Debug|Any CPU
		{4E28FCDE-60F6-45AE-B444-701D5F30BEFF}.Debug|iPhoneSimulator.ActiveCfg = Debug|Any CPU
		{4E28FCDE-60F6-45AE-B444-701D5F30BEFF}.Debug|iPhoneSimulator.Build.0 = Debug|Any CPU
		{4E28FCDE-60F6-45AE-B444-701D5F30BEFF}.Debug|x64.ActiveCfg = Debug|x64
		{4E28FCDE-60F6-45AE-B444-701D5F30BEFF}.Debug|x64.Build.0 = Debug|x64
		{4E28FCDE-60F6-45AE-B444-701D5F30BEFF}.Debug|x86.ActiveCfg = Debug|x86
		{4E28FCDE-60F6-45AE-B444-701D5F30BEFF}.Debug|x86.Build.0 = Debug|x86
		{4E28FCDE-60F6-45AE-B444-701D5F30BEFF}.Release|Any CPU.ActiveCfg = Release|Any CPU
		{4E28FCDE-60F6-45AE-B444-701D5F30BEFF}.Release|Any CPU.Build.0 = Release|Any CPU
		{4E28FCDE-60F6-45AE-B444-701D5F30BEFF}.Release|ARM.ActiveCfg = Release|ARM
		{4E28FCDE-60F6-45AE-B444-701D5F30BEFF}.Release|ARM.Build.0 = Release|ARM
		{4E28FCDE-60F6-45AE-B444-701D5F30BEFF}.Release|arm64.ActiveCfg = Release|Any CPU
		{4E28FCDE-60F6-45AE-B444-701D5F30BEFF}.Release|arm64.Build.0 = Release|Any CPU
		{4E28FCDE-60F6-45AE-B444-701D5F30BEFF}.Release|iPhone.ActiveCfg = Release|Any CPU
		{4E28FCDE-60F6-45AE-B444-701D5F30BEFF}.Release|iPhone.Build.0 = Release|Any CPU
		{4E28FCDE-60F6-45AE-B444-701D5F30BEFF}.Release|iPhoneSimulator.ActiveCfg = Release|Any CPU
		{4E28FCDE-60F6-45AE-B444-701D5F30BEFF}.Release|iPhoneSimulator.Build.0 = Release|Any CPU
		{4E28FCDE-60F6-45AE-B444-701D5F30BEFF}.Release|x64.ActiveCfg = Release|x64
		{4E28FCDE-60F6-45AE-B444-701D5F30BEFF}.Release|x64.Build.0 = Release|x64
		{4E28FCDE-60F6-45AE-B444-701D5F30BEFF}.Release|x86.ActiveCfg = Release|x86
		{4E28FCDE-60F6-45AE-B444-701D5F30BEFF}.Release|x86.Build.0 = Release|x86
		{33901013-B4A3-4182-9048-49F2CF940429}.Debug|Any CPU.ActiveCfg = Debug|x86
		{33901013-B4A3-4182-9048-49F2CF940429}.Debug|Any CPU.Build.0 = Debug|x86
		{33901013-B4A3-4182-9048-49F2CF940429}.Debug|Any CPU.Deploy.0 = Debug|x86
		{33901013-B4A3-4182-9048-49F2CF940429}.Debug|ARM.ActiveCfg = Debug|ARM
		{33901013-B4A3-4182-9048-49F2CF940429}.Debug|ARM.Build.0 = Debug|ARM
		{33901013-B4A3-4182-9048-49F2CF940429}.Debug|ARM.Deploy.0 = Debug|ARM
		{33901013-B4A3-4182-9048-49F2CF940429}.Debug|arm64.ActiveCfg = Debug|x64
		{33901013-B4A3-4182-9048-49F2CF940429}.Debug|arm64.Build.0 = Debug|x64
		{33901013-B4A3-4182-9048-49F2CF940429}.Debug|arm64.Deploy.0 = Debug|x64
		{33901013-B4A3-4182-9048-49F2CF940429}.Debug|iPhone.ActiveCfg = Debug|x86
		{33901013-B4A3-4182-9048-49F2CF940429}.Debug|iPhoneSimulator.ActiveCfg = Debug|x86
		{33901013-B4A3-4182-9048-49F2CF940429}.Debug|x64.ActiveCfg = Debug|x64
		{33901013-B4A3-4182-9048-49F2CF940429}.Debug|x64.Build.0 = Debug|x64
		{33901013-B4A3-4182-9048-49F2CF940429}.Debug|x64.Deploy.0 = Debug|x64
		{33901013-B4A3-4182-9048-49F2CF940429}.Debug|x86.ActiveCfg = Debug|x86
		{33901013-B4A3-4182-9048-49F2CF940429}.Debug|x86.Build.0 = Debug|x86
		{33901013-B4A3-4182-9048-49F2CF940429}.Debug|x86.Deploy.0 = Debug|x86
		{33901013-B4A3-4182-9048-49F2CF940429}.Release|Any CPU.ActiveCfg = Release|x86
		{33901013-B4A3-4182-9048-49F2CF940429}.Release|Any CPU.Build.0 = Release|x86
		{33901013-B4A3-4182-9048-49F2CF940429}.Release|ARM.ActiveCfg = Release|ARM
		{33901013-B4A3-4182-9048-49F2CF940429}.Release|ARM.Build.0 = Release|ARM
		{33901013-B4A3-4182-9048-49F2CF940429}.Release|ARM.Deploy.0 = Release|ARM
		{33901013-B4A3-4182-9048-49F2CF940429}.Release|arm64.ActiveCfg = Release|x64
		{33901013-B4A3-4182-9048-49F2CF940429}.Release|arm64.Build.0 = Release|x64
		{33901013-B4A3-4182-9048-49F2CF940429}.Release|arm64.Deploy.0 = Release|x64
		{33901013-B4A3-4182-9048-49F2CF940429}.Release|iPhone.ActiveCfg = Release|x86
		{33901013-B4A3-4182-9048-49F2CF940429}.Release|iPhoneSimulator.ActiveCfg = Release|x86
		{33901013-B4A3-4182-9048-49F2CF940429}.Release|x64.ActiveCfg = Release|x64
		{33901013-B4A3-4182-9048-49F2CF940429}.Release|x64.Build.0 = Release|x64
		{33901013-B4A3-4182-9048-49F2CF940429}.Release|x64.Deploy.0 = Release|x64
		{33901013-B4A3-4182-9048-49F2CF940429}.Release|x86.ActiveCfg = Release|x86
		{33901013-B4A3-4182-9048-49F2CF940429}.Release|x86.Build.0 = Release|x86
		{33901013-B4A3-4182-9048-49F2CF940429}.Release|x86.Deploy.0 = Release|x86
		{5F02212C-95CB-42A3-850F-C076267BB5DC}.Debug|Any CPU.ActiveCfg = Debug|Any CPU
		{5F02212C-95CB-42A3-850F-C076267BB5DC}.Debug|Any CPU.Build.0 = Debug|Any CPU
		{5F02212C-95CB-42A3-850F-C076267BB5DC}.Debug|ARM.ActiveCfg = Debug|Any CPU
		{5F02212C-95CB-42A3-850F-C076267BB5DC}.Debug|ARM.Build.0 = Debug|Any CPU
		{5F02212C-95CB-42A3-850F-C076267BB5DC}.Debug|arm64.ActiveCfg = Debug|Any CPU
		{5F02212C-95CB-42A3-850F-C076267BB5DC}.Debug|arm64.Build.0 = Debug|Any CPU
		{5F02212C-95CB-42A3-850F-C076267BB5DC}.Debug|iPhone.ActiveCfg = Debug|Any CPU
		{5F02212C-95CB-42A3-850F-C076267BB5DC}.Debug|iPhone.Build.0 = Debug|Any CPU
		{5F02212C-95CB-42A3-850F-C076267BB5DC}.Debug|iPhoneSimulator.ActiveCfg = Debug|Any CPU
		{5F02212C-95CB-42A3-850F-C076267BB5DC}.Debug|iPhoneSimulator.Build.0 = Debug|Any CPU
		{5F02212C-95CB-42A3-850F-C076267BB5DC}.Debug|x64.ActiveCfg = Debug|Any CPU
		{5F02212C-95CB-42A3-850F-C076267BB5DC}.Debug|x64.Build.0 = Debug|Any CPU
		{5F02212C-95CB-42A3-850F-C076267BB5DC}.Debug|x86.ActiveCfg = Debug|Any CPU
		{5F02212C-95CB-42A3-850F-C076267BB5DC}.Debug|x86.Build.0 = Debug|Any CPU
		{5F02212C-95CB-42A3-850F-C076267BB5DC}.Release|Any CPU.ActiveCfg = Release|Any CPU
		{5F02212C-95CB-42A3-850F-C076267BB5DC}.Release|Any CPU.Build.0 = Release|Any CPU
		{5F02212C-95CB-42A3-850F-C076267BB5DC}.Release|ARM.ActiveCfg = Release|Any CPU
		{5F02212C-95CB-42A3-850F-C076267BB5DC}.Release|ARM.Build.0 = Release|Any CPU
		{5F02212C-95CB-42A3-850F-C076267BB5DC}.Release|arm64.ActiveCfg = Release|Any CPU
		{5F02212C-95CB-42A3-850F-C076267BB5DC}.Release|arm64.Build.0 = Release|Any CPU
		{5F02212C-95CB-42A3-850F-C076267BB5DC}.Release|iPhone.ActiveCfg = Release|Any CPU
		{5F02212C-95CB-42A3-850F-C076267BB5DC}.Release|iPhone.Build.0 = Release|Any CPU
		{5F02212C-95CB-42A3-850F-C076267BB5DC}.Release|iPhoneSimulator.ActiveCfg = Release|Any CPU
		{5F02212C-95CB-42A3-850F-C076267BB5DC}.Release|iPhoneSimulator.Build.0 = Release|Any CPU
		{5F02212C-95CB-42A3-850F-C076267BB5DC}.Release|x64.ActiveCfg = Release|Any CPU
		{5F02212C-95CB-42A3-850F-C076267BB5DC}.Release|x64.Build.0 = Release|Any CPU
		{5F02212C-95CB-42A3-850F-C076267BB5DC}.Release|x86.ActiveCfg = Release|Any CPU
		{5F02212C-95CB-42A3-850F-C076267BB5DC}.Release|x86.Build.0 = Release|Any CPU
		{1F1EDFB9-8305-46AD-B427-DDD92A87969E}.Debug|Any CPU.ActiveCfg = Debug|Any CPU
		{1F1EDFB9-8305-46AD-B427-DDD92A87969E}.Debug|Any CPU.Build.0 = Debug|Any CPU
		{1F1EDFB9-8305-46AD-B427-DDD92A87969E}.Debug|ARM.ActiveCfg = Debug|Any CPU
		{1F1EDFB9-8305-46AD-B427-DDD92A87969E}.Debug|ARM.Build.0 = Debug|Any CPU
		{1F1EDFB9-8305-46AD-B427-DDD92A87969E}.Debug|arm64.ActiveCfg = Debug|Any CPU
		{1F1EDFB9-8305-46AD-B427-DDD92A87969E}.Debug|arm64.Build.0 = Debug|Any CPU
		{1F1EDFB9-8305-46AD-B427-DDD92A87969E}.Debug|iPhone.ActiveCfg = Debug|Any CPU
		{1F1EDFB9-8305-46AD-B427-DDD92A87969E}.Debug|iPhone.Build.0 = Debug|Any CPU
		{1F1EDFB9-8305-46AD-B427-DDD92A87969E}.Debug|iPhoneSimulator.ActiveCfg = Debug|Any CPU
		{1F1EDFB9-8305-46AD-B427-DDD92A87969E}.Debug|iPhoneSimulator.Build.0 = Debug|Any CPU
		{1F1EDFB9-8305-46AD-B427-DDD92A87969E}.Debug|x64.ActiveCfg = Debug|Any CPU
		{1F1EDFB9-8305-46AD-B427-DDD92A87969E}.Debug|x64.Build.0 = Debug|Any CPU
		{1F1EDFB9-8305-46AD-B427-DDD92A87969E}.Debug|x86.ActiveCfg = Debug|Any CPU
		{1F1EDFB9-8305-46AD-B427-DDD92A87969E}.Debug|x86.Build.0 = Debug|Any CPU
		{1F1EDFB9-8305-46AD-B427-DDD92A87969E}.Release|Any CPU.ActiveCfg = Release|Any CPU
		{1F1EDFB9-8305-46AD-B427-DDD92A87969E}.Release|Any CPU.Build.0 = Release|Any CPU
		{1F1EDFB9-8305-46AD-B427-DDD92A87969E}.Release|ARM.ActiveCfg = Release|Any CPU
		{1F1EDFB9-8305-46AD-B427-DDD92A87969E}.Release|ARM.Build.0 = Release|Any CPU
		{1F1EDFB9-8305-46AD-B427-DDD92A87969E}.Release|arm64.ActiveCfg = Release|Any CPU
		{1F1EDFB9-8305-46AD-B427-DDD92A87969E}.Release|arm64.Build.0 = Release|Any CPU
		{1F1EDFB9-8305-46AD-B427-DDD92A87969E}.Release|iPhone.ActiveCfg = Release|Any CPU
		{1F1EDFB9-8305-46AD-B427-DDD92A87969E}.Release|iPhone.Build.0 = Release|Any CPU
		{1F1EDFB9-8305-46AD-B427-DDD92A87969E}.Release|iPhoneSimulator.ActiveCfg = Release|Any CPU
		{1F1EDFB9-8305-46AD-B427-DDD92A87969E}.Release|iPhoneSimulator.Build.0 = Release|Any CPU
		{1F1EDFB9-8305-46AD-B427-DDD92A87969E}.Release|x64.ActiveCfg = Release|Any CPU
		{1F1EDFB9-8305-46AD-B427-DDD92A87969E}.Release|x64.Build.0 = Release|Any CPU
		{1F1EDFB9-8305-46AD-B427-DDD92A87969E}.Release|x86.ActiveCfg = Release|Any CPU
		{1F1EDFB9-8305-46AD-B427-DDD92A87969E}.Release|x86.Build.0 = Release|Any CPU
		{D07D3E94-E645-4035-A142-5F933A15D585}.Debug|Any CPU.ActiveCfg = Debug|Any CPU
		{D07D3E94-E645-4035-A142-5F933A15D585}.Debug|Any CPU.Build.0 = Debug|Any CPU
		{D07D3E94-E645-4035-A142-5F933A15D585}.Debug|ARM.ActiveCfg = Debug|Any CPU
		{D07D3E94-E645-4035-A142-5F933A15D585}.Debug|ARM.Build.0 = Debug|Any CPU
		{D07D3E94-E645-4035-A142-5F933A15D585}.Debug|arm64.ActiveCfg = Debug|Any CPU
		{D07D3E94-E645-4035-A142-5F933A15D585}.Debug|arm64.Build.0 = Debug|Any CPU
		{D07D3E94-E645-4035-A142-5F933A15D585}.Debug|iPhone.ActiveCfg = Debug|Any CPU
		{D07D3E94-E645-4035-A142-5F933A15D585}.Debug|iPhone.Build.0 = Debug|Any CPU
		{D07D3E94-E645-4035-A142-5F933A15D585}.Debug|iPhoneSimulator.ActiveCfg = Debug|Any CPU
		{D07D3E94-E645-4035-A142-5F933A15D585}.Debug|iPhoneSimulator.Build.0 = Debug|Any CPU
		{D07D3E94-E645-4035-A142-5F933A15D585}.Debug|x64.ActiveCfg = Debug|Any CPU
		{D07D3E94-E645-4035-A142-5F933A15D585}.Debug|x64.Build.0 = Debug|Any CPU
		{D07D3E94-E645-4035-A142-5F933A15D585}.Debug|x86.ActiveCfg = Debug|Any CPU
		{D07D3E94-E645-4035-A142-5F933A15D585}.Debug|x86.Build.0 = Debug|Any CPU
		{D07D3E94-E645-4035-A142-5F933A15D585}.Release|Any CPU.ActiveCfg = Release|Any CPU
		{D07D3E94-E645-4035-A142-5F933A15D585}.Release|Any CPU.Build.0 = Release|Any CPU
		{D07D3E94-E645-4035-A142-5F933A15D585}.Release|ARM.ActiveCfg = Release|Any CPU
		{D07D3E94-E645-4035-A142-5F933A15D585}.Release|ARM.Build.0 = Release|Any CPU
		{D07D3E94-E645-4035-A142-5F933A15D585}.Release|arm64.ActiveCfg = Release|Any CPU
		{D07D3E94-E645-4035-A142-5F933A15D585}.Release|arm64.Build.0 = Release|Any CPU
		{D07D3E94-E645-4035-A142-5F933A15D585}.Release|iPhone.ActiveCfg = Release|Any CPU
		{D07D3E94-E645-4035-A142-5F933A15D585}.Release|iPhone.Build.0 = Release|Any CPU
		{D07D3E94-E645-4035-A142-5F933A15D585}.Release|iPhoneSimulator.ActiveCfg = Release|Any CPU
		{D07D3E94-E645-4035-A142-5F933A15D585}.Release|iPhoneSimulator.Build.0 = Release|Any CPU
		{D07D3E94-E645-4035-A142-5F933A15D585}.Release|x64.ActiveCfg = Release|Any CPU
		{D07D3E94-E645-4035-A142-5F933A15D585}.Release|x64.Build.0 = Release|Any CPU
		{D07D3E94-E645-4035-A142-5F933A15D585}.Release|x86.ActiveCfg = Release|Any CPU
		{D07D3E94-E645-4035-A142-5F933A15D585}.Release|x86.Build.0 = Release|Any CPU
		{E14AB0AB-031C-4A9F-8D41-F79BB54CDDE7}.Debug|Any CPU.ActiveCfg = Debug|Any CPU
		{E14AB0AB-031C-4A9F-8D41-F79BB54CDDE7}.Debug|Any CPU.Build.0 = Debug|Any CPU
		{E14AB0AB-031C-4A9F-8D41-F79BB54CDDE7}.Debug|ARM.ActiveCfg = Debug|Any CPU
		{E14AB0AB-031C-4A9F-8D41-F79BB54CDDE7}.Debug|ARM.Build.0 = Debug|Any CPU
		{E14AB0AB-031C-4A9F-8D41-F79BB54CDDE7}.Debug|arm64.ActiveCfg = Debug|Any CPU
		{E14AB0AB-031C-4A9F-8D41-F79BB54CDDE7}.Debug|arm64.Build.0 = Debug|Any CPU
		{E14AB0AB-031C-4A9F-8D41-F79BB54CDDE7}.Debug|iPhone.ActiveCfg = Debug|Any CPU
		{E14AB0AB-031C-4A9F-8D41-F79BB54CDDE7}.Debug|iPhone.Build.0 = Debug|Any CPU
		{E14AB0AB-031C-4A9F-8D41-F79BB54CDDE7}.Debug|iPhoneSimulator.ActiveCfg = Debug|Any CPU
		{E14AB0AB-031C-4A9F-8D41-F79BB54CDDE7}.Debug|iPhoneSimulator.Build.0 = Debug|Any CPU
		{E14AB0AB-031C-4A9F-8D41-F79BB54CDDE7}.Debug|x64.ActiveCfg = Debug|Any CPU
		{E14AB0AB-031C-4A9F-8D41-F79BB54CDDE7}.Debug|x64.Build.0 = Debug|Any CPU
		{E14AB0AB-031C-4A9F-8D41-F79BB54CDDE7}.Debug|x86.ActiveCfg = Debug|Any CPU
		{E14AB0AB-031C-4A9F-8D41-F79BB54CDDE7}.Debug|x86.Build.0 = Debug|Any CPU
		{E14AB0AB-031C-4A9F-8D41-F79BB54CDDE7}.Release|Any CPU.ActiveCfg = Release|Any CPU
		{E14AB0AB-031C-4A9F-8D41-F79BB54CDDE7}.Release|Any CPU.Build.0 = Release|Any CPU
		{E14AB0AB-031C-4A9F-8D41-F79BB54CDDE7}.Release|ARM.ActiveCfg = Release|Any CPU
		{E14AB0AB-031C-4A9F-8D41-F79BB54CDDE7}.Release|ARM.Build.0 = Release|Any CPU
		{E14AB0AB-031C-4A9F-8D41-F79BB54CDDE7}.Release|arm64.ActiveCfg = Release|Any CPU
		{E14AB0AB-031C-4A9F-8D41-F79BB54CDDE7}.Release|arm64.Build.0 = Release|Any CPU
		{E14AB0AB-031C-4A9F-8D41-F79BB54CDDE7}.Release|iPhone.ActiveCfg = Release|Any CPU
		{E14AB0AB-031C-4A9F-8D41-F79BB54CDDE7}.Release|iPhone.Build.0 = Release|Any CPU
		{E14AB0AB-031C-4A9F-8D41-F79BB54CDDE7}.Release|iPhoneSimulator.ActiveCfg = Release|Any CPU
		{E14AB0AB-031C-4A9F-8D41-F79BB54CDDE7}.Release|iPhoneSimulator.Build.0 = Release|Any CPU
		{E14AB0AB-031C-4A9F-8D41-F79BB54CDDE7}.Release|x64.ActiveCfg = Release|Any CPU
		{E14AB0AB-031C-4A9F-8D41-F79BB54CDDE7}.Release|x64.Build.0 = Release|Any CPU
		{E14AB0AB-031C-4A9F-8D41-F79BB54CDDE7}.Release|x86.ActiveCfg = Release|Any CPU
		{E14AB0AB-031C-4A9F-8D41-F79BB54CDDE7}.Release|x86.Build.0 = Release|Any CPU
		{E8626BE1-E233-4F4A-9084-673A987B9231}.Debug|Any CPU.ActiveCfg = Debug|iPhoneSimulator
		{E8626BE1-E233-4F4A-9084-673A987B9231}.Debug|Any CPU.Build.0 = Debug|iPhoneSimulator
		{E8626BE1-E233-4F4A-9084-673A987B9231}.Debug|ARM.ActiveCfg = Debug|iPhoneSimulator
		{E8626BE1-E233-4F4A-9084-673A987B9231}.Debug|ARM.Build.0 = Debug|iPhoneSimulator
		{E8626BE1-E233-4F4A-9084-673A987B9231}.Debug|arm64.ActiveCfg = Debug|iPhone
		{E8626BE1-E233-4F4A-9084-673A987B9231}.Debug|arm64.Build.0 = Debug|iPhone
		{E8626BE1-E233-4F4A-9084-673A987B9231}.Debug|iPhone.ActiveCfg = Debug|iPhone
		{E8626BE1-E233-4F4A-9084-673A987B9231}.Debug|iPhone.Build.0 = Debug|iPhone
		{E8626BE1-E233-4F4A-9084-673A987B9231}.Debug|iPhoneSimulator.ActiveCfg = Debug|iPhoneSimulator
		{E8626BE1-E233-4F4A-9084-673A987B9231}.Debug|iPhoneSimulator.Build.0 = Debug|iPhoneSimulator
		{E8626BE1-E233-4F4A-9084-673A987B9231}.Debug|x64.ActiveCfg = Debug|iPhoneSimulator
		{E8626BE1-E233-4F4A-9084-673A987B9231}.Debug|x64.Build.0 = Debug|iPhoneSimulator
		{E8626BE1-E233-4F4A-9084-673A987B9231}.Debug|x86.ActiveCfg = Debug|iPhoneSimulator
		{E8626BE1-E233-4F4A-9084-673A987B9231}.Debug|x86.Build.0 = Debug|iPhoneSimulator
		{E8626BE1-E233-4F4A-9084-673A987B9231}.Release|Any CPU.ActiveCfg = Release|iPhoneSimulator
		{E8626BE1-E233-4F4A-9084-673A987B9231}.Release|Any CPU.Build.0 = Release|iPhoneSimulator
		{E8626BE1-E233-4F4A-9084-673A987B9231}.Release|ARM.ActiveCfg = Release|iPhoneSimulator
		{E8626BE1-E233-4F4A-9084-673A987B9231}.Release|ARM.Build.0 = Release|iPhoneSimulator
		{E8626BE1-E233-4F4A-9084-673A987B9231}.Release|arm64.ActiveCfg = Release|iPhone
		{E8626BE1-E233-4F4A-9084-673A987B9231}.Release|arm64.Build.0 = Release|iPhone
		{E8626BE1-E233-4F4A-9084-673A987B9231}.Release|iPhone.ActiveCfg = Release|iPhone
		{E8626BE1-E233-4F4A-9084-673A987B9231}.Release|iPhone.Build.0 = Release|iPhone
		{E8626BE1-E233-4F4A-9084-673A987B9231}.Release|iPhoneSimulator.ActiveCfg = Release|iPhoneSimulator
		{E8626BE1-E233-4F4A-9084-673A987B9231}.Release|iPhoneSimulator.Build.0 = Release|iPhoneSimulator
		{E8626BE1-E233-4F4A-9084-673A987B9231}.Release|x64.ActiveCfg = Release|iPhoneSimulator
		{E8626BE1-E233-4F4A-9084-673A987B9231}.Release|x64.Build.0 = Release|iPhoneSimulator
		{E8626BE1-E233-4F4A-9084-673A987B9231}.Release|x86.ActiveCfg = Release|iPhoneSimulator
		{E8626BE1-E233-4F4A-9084-673A987B9231}.Release|x86.Build.0 = Release|iPhoneSimulator
		{EA72144A-ADE5-4990-AE8E-47EA05CB0B1F}.Debug|Any CPU.ActiveCfg = Debug|Any CPU
		{EA72144A-ADE5-4990-AE8E-47EA05CB0B1F}.Debug|Any CPU.Build.0 = Debug|Any CPU
		{EA72144A-ADE5-4990-AE8E-47EA05CB0B1F}.Debug|ARM.ActiveCfg = Debug|Any CPU
		{EA72144A-ADE5-4990-AE8E-47EA05CB0B1F}.Debug|ARM.Build.0 = Debug|Any CPU
		{EA72144A-ADE5-4990-AE8E-47EA05CB0B1F}.Debug|arm64.ActiveCfg = Debug|Any CPU
		{EA72144A-ADE5-4990-AE8E-47EA05CB0B1F}.Debug|arm64.Build.0 = Debug|Any CPU
		{EA72144A-ADE5-4990-AE8E-47EA05CB0B1F}.Debug|iPhone.ActiveCfg = Debug|Any CPU
		{EA72144A-ADE5-4990-AE8E-47EA05CB0B1F}.Debug|iPhone.Build.0 = Debug|Any CPU
		{EA72144A-ADE5-4990-AE8E-47EA05CB0B1F}.Debug|iPhoneSimulator.ActiveCfg = Debug|Any CPU
		{EA72144A-ADE5-4990-AE8E-47EA05CB0B1F}.Debug|iPhoneSimulator.Build.0 = Debug|Any CPU
		{EA72144A-ADE5-4990-AE8E-47EA05CB0B1F}.Debug|x64.ActiveCfg = Debug|Any CPU
		{EA72144A-ADE5-4990-AE8E-47EA05CB0B1F}.Debug|x64.Build.0 = Debug|Any CPU
		{EA72144A-ADE5-4990-AE8E-47EA05CB0B1F}.Debug|x86.ActiveCfg = Debug|Any CPU
		{EA72144A-ADE5-4990-AE8E-47EA05CB0B1F}.Debug|x86.Build.0 = Debug|Any CPU
		{EA72144A-ADE5-4990-AE8E-47EA05CB0B1F}.Release|Any CPU.ActiveCfg = Release|Any CPU
		{EA72144A-ADE5-4990-AE8E-47EA05CB0B1F}.Release|Any CPU.Build.0 = Release|Any CPU
		{EA72144A-ADE5-4990-AE8E-47EA05CB0B1F}.Release|ARM.ActiveCfg = Release|Any CPU
		{EA72144A-ADE5-4990-AE8E-47EA05CB0B1F}.Release|ARM.Build.0 = Release|Any CPU
		{EA72144A-ADE5-4990-AE8E-47EA05CB0B1F}.Release|arm64.ActiveCfg = Release|Any CPU
		{EA72144A-ADE5-4990-AE8E-47EA05CB0B1F}.Release|arm64.Build.0 = Release|Any CPU
		{EA72144A-ADE5-4990-AE8E-47EA05CB0B1F}.Release|iPhone.ActiveCfg = Release|Any CPU
		{EA72144A-ADE5-4990-AE8E-47EA05CB0B1F}.Release|iPhone.Build.0 = Release|Any CPU
		{EA72144A-ADE5-4990-AE8E-47EA05CB0B1F}.Release|iPhoneSimulator.ActiveCfg = Release|Any CPU
		{EA72144A-ADE5-4990-AE8E-47EA05CB0B1F}.Release|iPhoneSimulator.Build.0 = Release|Any CPU
		{EA72144A-ADE5-4990-AE8E-47EA05CB0B1F}.Release|x64.ActiveCfg = Release|Any CPU
		{EA72144A-ADE5-4990-AE8E-47EA05CB0B1F}.Release|x64.Build.0 = Release|Any CPU
		{EA72144A-ADE5-4990-AE8E-47EA05CB0B1F}.Release|x86.ActiveCfg = Release|Any CPU
		{EA72144A-ADE5-4990-AE8E-47EA05CB0B1F}.Release|x86.Build.0 = Release|Any CPU
		{57F645D7-DBC4-432D-85BE-865900B02AEF}.Debug|Any CPU.ActiveCfg = Debug|Any CPU
		{57F645D7-DBC4-432D-85BE-865900B02AEF}.Debug|Any CPU.Build.0 = Debug|Any CPU
		{57F645D7-DBC4-432D-85BE-865900B02AEF}.Debug|Any CPU.Deploy.0 = Debug|Any CPU
		{57F645D7-DBC4-432D-85BE-865900B02AEF}.Debug|ARM.ActiveCfg = Debug|Any CPU
		{57F645D7-DBC4-432D-85BE-865900B02AEF}.Debug|ARM.Build.0 = Debug|Any CPU
		{57F645D7-DBC4-432D-85BE-865900B02AEF}.Debug|arm64.ActiveCfg = Debug|Any CPU
		{57F645D7-DBC4-432D-85BE-865900B02AEF}.Debug|arm64.Build.0 = Debug|Any CPU
		{57F645D7-DBC4-432D-85BE-865900B02AEF}.Debug|arm64.Deploy.0 = Debug|Any CPU
		{57F645D7-DBC4-432D-85BE-865900B02AEF}.Debug|iPhone.ActiveCfg = Debug|Any CPU
		{57F645D7-DBC4-432D-85BE-865900B02AEF}.Debug|iPhone.Build.0 = Debug|Any CPU
		{57F645D7-DBC4-432D-85BE-865900B02AEF}.Debug|iPhoneSimulator.ActiveCfg = Debug|Any CPU
		{57F645D7-DBC4-432D-85BE-865900B02AEF}.Debug|iPhoneSimulator.Build.0 = Debug|Any CPU
		{57F645D7-DBC4-432D-85BE-865900B02AEF}.Debug|x64.ActiveCfg = Debug|Any CPU
		{57F645D7-DBC4-432D-85BE-865900B02AEF}.Debug|x64.Build.0 = Debug|Any CPU
		{57F645D7-DBC4-432D-85BE-865900B02AEF}.Debug|x86.ActiveCfg = Debug|Any CPU
		{57F645D7-DBC4-432D-85BE-865900B02AEF}.Debug|x86.Build.0 = Debug|Any CPU
		{57F645D7-DBC4-432D-85BE-865900B02AEF}.Release|Any CPU.ActiveCfg = Release|Any CPU
		{57F645D7-DBC4-432D-85BE-865900B02AEF}.Release|Any CPU.Build.0 = Release|Any CPU
		{57F645D7-DBC4-432D-85BE-865900B02AEF}.Release|ARM.ActiveCfg = Release|Any CPU
		{57F645D7-DBC4-432D-85BE-865900B02AEF}.Release|ARM.Build.0 = Release|Any CPU
		{57F645D7-DBC4-432D-85BE-865900B02AEF}.Release|arm64.ActiveCfg = Release|Any CPU
		{57F645D7-DBC4-432D-85BE-865900B02AEF}.Release|arm64.Build.0 = Release|Any CPU
		{57F645D7-DBC4-432D-85BE-865900B02AEF}.Release|arm64.Deploy.0 = Release|Any CPU
		{57F645D7-DBC4-432D-85BE-865900B02AEF}.Release|iPhone.ActiveCfg = Release|Any CPU
		{57F645D7-DBC4-432D-85BE-865900B02AEF}.Release|iPhone.Build.0 = Release|Any CPU
		{57F645D7-DBC4-432D-85BE-865900B02AEF}.Release|iPhoneSimulator.ActiveCfg = Release|Any CPU
		{57F645D7-DBC4-432D-85BE-865900B02AEF}.Release|iPhoneSimulator.Build.0 = Release|Any CPU
		{57F645D7-DBC4-432D-85BE-865900B02AEF}.Release|x64.ActiveCfg = Release|Any CPU
		{57F645D7-DBC4-432D-85BE-865900B02AEF}.Release|x64.Build.0 = Release|Any CPU
		{57F645D7-DBC4-432D-85BE-865900B02AEF}.Release|x86.ActiveCfg = Release|Any CPU
		{57F645D7-DBC4-432D-85BE-865900B02AEF}.Release|x86.Build.0 = Release|Any CPU
		{28DC5F01-070C-4117-A46F-C4855430DB4A}.Debug|Any CPU.ActiveCfg = Debug|iPhoneSimulator
		{28DC5F01-070C-4117-A46F-C4855430DB4A}.Debug|Any CPU.Build.0 = Debug|iPhoneSimulator
		{28DC5F01-070C-4117-A46F-C4855430DB4A}.Debug|ARM.ActiveCfg = Debug|iPhoneSimulator
		{28DC5F01-070C-4117-A46F-C4855430DB4A}.Debug|ARM.Build.0 = Debug|iPhoneSimulator
		{28DC5F01-070C-4117-A46F-C4855430DB4A}.Debug|arm64.ActiveCfg = Debug|iPhone
		{28DC5F01-070C-4117-A46F-C4855430DB4A}.Debug|arm64.Build.0 = Debug|iPhone
		{28DC5F01-070C-4117-A46F-C4855430DB4A}.Debug|iPhone.ActiveCfg = Debug|iPhone
		{28DC5F01-070C-4117-A46F-C4855430DB4A}.Debug|iPhone.Build.0 = Debug|iPhone
		{28DC5F01-070C-4117-A46F-C4855430DB4A}.Debug|iPhoneSimulator.ActiveCfg = Debug|iPhoneSimulator
		{28DC5F01-070C-4117-A46F-C4855430DB4A}.Debug|iPhoneSimulator.Build.0 = Debug|iPhoneSimulator
		{28DC5F01-070C-4117-A46F-C4855430DB4A}.Debug|x64.ActiveCfg = Debug|iPhoneSimulator
		{28DC5F01-070C-4117-A46F-C4855430DB4A}.Debug|x64.Build.0 = Debug|iPhoneSimulator
		{28DC5F01-070C-4117-A46F-C4855430DB4A}.Debug|x86.ActiveCfg = Debug|iPhoneSimulator
		{28DC5F01-070C-4117-A46F-C4855430DB4A}.Debug|x86.Build.0 = Debug|iPhoneSimulator
		{28DC5F01-070C-4117-A46F-C4855430DB4A}.Release|Any CPU.ActiveCfg = Release|iPhoneSimulator
		{28DC5F01-070C-4117-A46F-C4855430DB4A}.Release|Any CPU.Build.0 = Release|iPhoneSimulator
		{28DC5F01-070C-4117-A46F-C4855430DB4A}.Release|ARM.ActiveCfg = Release|iPhoneSimulator
		{28DC5F01-070C-4117-A46F-C4855430DB4A}.Release|ARM.Build.0 = Release|iPhoneSimulator
		{28DC5F01-070C-4117-A46F-C4855430DB4A}.Release|arm64.ActiveCfg = Release|iPhone
		{28DC5F01-070C-4117-A46F-C4855430DB4A}.Release|arm64.Build.0 = Release|iPhone
		{28DC5F01-070C-4117-A46F-C4855430DB4A}.Release|iPhone.ActiveCfg = Release|iPhone
		{28DC5F01-070C-4117-A46F-C4855430DB4A}.Release|iPhone.Build.0 = Release|iPhone
		{28DC5F01-070C-4117-A46F-C4855430DB4A}.Release|iPhoneSimulator.ActiveCfg = Release|iPhoneSimulator
		{28DC5F01-070C-4117-A46F-C4855430DB4A}.Release|iPhoneSimulator.Build.0 = Release|iPhoneSimulator
		{28DC5F01-070C-4117-A46F-C4855430DB4A}.Release|x64.ActiveCfg = Release|iPhoneSimulator
		{28DC5F01-070C-4117-A46F-C4855430DB4A}.Release|x64.Build.0 = Release|iPhoneSimulator
		{28DC5F01-070C-4117-A46F-C4855430DB4A}.Release|x86.ActiveCfg = Release|iPhoneSimulator
		{28DC5F01-070C-4117-A46F-C4855430DB4A}.Release|x86.Build.0 = Release|iPhoneSimulator
		{CC996DF4-E262-45B8-A450-D1E881FBE54D}.Debug|Any CPU.ActiveCfg = Debug|Any CPU
		{CC996DF4-E262-45B8-A450-D1E881FBE54D}.Debug|Any CPU.Build.0 = Debug|Any CPU
		{CC996DF4-E262-45B8-A450-D1E881FBE54D}.Debug|Any CPU.Deploy.0 = Debug|Any CPU
		{CC996DF4-E262-45B8-A450-D1E881FBE54D}.Debug|ARM.ActiveCfg = Debug|Any CPU
		{CC996DF4-E262-45B8-A450-D1E881FBE54D}.Debug|ARM.Build.0 = Debug|Any CPU
		{CC996DF4-E262-45B8-A450-D1E881FBE54D}.Debug|ARM.Deploy.0 = Debug|Any CPU
		{CC996DF4-E262-45B8-A450-D1E881FBE54D}.Debug|arm64.ActiveCfg = Debug|Any CPU
		{CC996DF4-E262-45B8-A450-D1E881FBE54D}.Debug|arm64.Build.0 = Debug|Any CPU
		{CC996DF4-E262-45B8-A450-D1E881FBE54D}.Debug|arm64.Deploy.0 = Debug|Any CPU
		{CC996DF4-E262-45B8-A450-D1E881FBE54D}.Debug|iPhone.ActiveCfg = Debug|Any CPU
		{CC996DF4-E262-45B8-A450-D1E881FBE54D}.Debug|iPhone.Build.0 = Debug|Any CPU
		{CC996DF4-E262-45B8-A450-D1E881FBE54D}.Debug|iPhone.Deploy.0 = Debug|Any CPU
		{CC996DF4-E262-45B8-A450-D1E881FBE54D}.Debug|iPhoneSimulator.ActiveCfg = Debug|Any CPU
		{CC996DF4-E262-45B8-A450-D1E881FBE54D}.Debug|iPhoneSimulator.Build.0 = Debug|Any CPU
		{CC996DF4-E262-45B8-A450-D1E881FBE54D}.Debug|iPhoneSimulator.Deploy.0 = Debug|Any CPU
		{CC996DF4-E262-45B8-A450-D1E881FBE54D}.Debug|x64.ActiveCfg = Debug|Any CPU
		{CC996DF4-E262-45B8-A450-D1E881FBE54D}.Debug|x64.Build.0 = Debug|Any CPU
		{CC996DF4-E262-45B8-A450-D1E881FBE54D}.Debug|x64.Deploy.0 = Debug|Any CPU
		{CC996DF4-E262-45B8-A450-D1E881FBE54D}.Debug|x86.ActiveCfg = Debug|Any CPU
		{CC996DF4-E262-45B8-A450-D1E881FBE54D}.Debug|x86.Build.0 = Debug|Any CPU
		{CC996DF4-E262-45B8-A450-D1E881FBE54D}.Debug|x86.Deploy.0 = Debug|Any CPU
		{CC996DF4-E262-45B8-A450-D1E881FBE54D}.Release|Any CPU.ActiveCfg = Release|Any CPU
		{CC996DF4-E262-45B8-A450-D1E881FBE54D}.Release|Any CPU.Build.0 = Release|Any CPU
		{CC996DF4-E262-45B8-A450-D1E881FBE54D}.Release|ARM.ActiveCfg = Release|Any CPU
		{CC996DF4-E262-45B8-A450-D1E881FBE54D}.Release|ARM.Build.0 = Release|Any CPU
		{CC996DF4-E262-45B8-A450-D1E881FBE54D}.Release|ARM.Deploy.0 = Release|Any CPU
		{CC996DF4-E262-45B8-A450-D1E881FBE54D}.Release|arm64.ActiveCfg = Release|Any CPU
		{CC996DF4-E262-45B8-A450-D1E881FBE54D}.Release|arm64.Build.0 = Release|Any CPU
		{CC996DF4-E262-45B8-A450-D1E881FBE54D}.Release|arm64.Deploy.0 = Release|Any CPU
		{CC996DF4-E262-45B8-A450-D1E881FBE54D}.Release|iPhone.ActiveCfg = Release|Any CPU
		{CC996DF4-E262-45B8-A450-D1E881FBE54D}.Release|iPhone.Build.0 = Release|Any CPU
		{CC996DF4-E262-45B8-A450-D1E881FBE54D}.Release|iPhone.Deploy.0 = Release|Any CPU
		{CC996DF4-E262-45B8-A450-D1E881FBE54D}.Release|iPhoneSimulator.ActiveCfg = Release|Any CPU
		{CC996DF4-E262-45B8-A450-D1E881FBE54D}.Release|iPhoneSimulator.Build.0 = Release|Any CPU
		{CC996DF4-E262-45B8-A450-D1E881FBE54D}.Release|iPhoneSimulator.Deploy.0 = Release|Any CPU
		{CC996DF4-E262-45B8-A450-D1E881FBE54D}.Release|x64.ActiveCfg = Release|Any CPU
		{CC996DF4-E262-45B8-A450-D1E881FBE54D}.Release|x64.Build.0 = Release|Any CPU
		{CC996DF4-E262-45B8-A450-D1E881FBE54D}.Release|x64.Deploy.0 = Release|Any CPU
		{CC996DF4-E262-45B8-A450-D1E881FBE54D}.Release|x86.ActiveCfg = Release|Any CPU
		{CC996DF4-E262-45B8-A450-D1E881FBE54D}.Release|x86.Build.0 = Release|Any CPU
		{CC996DF4-E262-45B8-A450-D1E881FBE54D}.Release|x86.Deploy.0 = Release|Any CPU
		{0D7728B7-C9A3-460F-8807-D0DEB34050A5}.Debug|Any CPU.ActiveCfg = Debug|Any CPU
		{0D7728B7-C9A3-460F-8807-D0DEB34050A5}.Debug|Any CPU.Build.0 = Debug|Any CPU
		{0D7728B7-C9A3-460F-8807-D0DEB34050A5}.Debug|ARM.ActiveCfg = Debug|Any CPU
		{0D7728B7-C9A3-460F-8807-D0DEB34050A5}.Debug|ARM.Build.0 = Debug|Any CPU
		{0D7728B7-C9A3-460F-8807-D0DEB34050A5}.Debug|arm64.ActiveCfg = Debug|Any CPU
		{0D7728B7-C9A3-460F-8807-D0DEB34050A5}.Debug|arm64.Build.0 = Debug|Any CPU
		{0D7728B7-C9A3-460F-8807-D0DEB34050A5}.Debug|iPhone.ActiveCfg = Debug|Any CPU
		{0D7728B7-C9A3-460F-8807-D0DEB34050A5}.Debug|iPhone.Build.0 = Debug|Any CPU
		{0D7728B7-C9A3-460F-8807-D0DEB34050A5}.Debug|iPhoneSimulator.ActiveCfg = Debug|Any CPU
		{0D7728B7-C9A3-460F-8807-D0DEB34050A5}.Debug|iPhoneSimulator.Build.0 = Debug|Any CPU
		{0D7728B7-C9A3-460F-8807-D0DEB34050A5}.Debug|x64.ActiveCfg = Debug|Any CPU
		{0D7728B7-C9A3-460F-8807-D0DEB34050A5}.Debug|x64.Build.0 = Debug|Any CPU
		{0D7728B7-C9A3-460F-8807-D0DEB34050A5}.Debug|x86.ActiveCfg = Debug|Any CPU
		{0D7728B7-C9A3-460F-8807-D0DEB34050A5}.Debug|x86.Build.0 = Debug|Any CPU
		{0D7728B7-C9A3-460F-8807-D0DEB34050A5}.Release|Any CPU.ActiveCfg = Release|Any CPU
		{0D7728B7-C9A3-460F-8807-D0DEB34050A5}.Release|Any CPU.Build.0 = Release|Any CPU
		{0D7728B7-C9A3-460F-8807-D0DEB34050A5}.Release|ARM.ActiveCfg = Release|Any CPU
		{0D7728B7-C9A3-460F-8807-D0DEB34050A5}.Release|ARM.Build.0 = Release|Any CPU
		{0D7728B7-C9A3-460F-8807-D0DEB34050A5}.Release|arm64.ActiveCfg = Release|Any CPU
		{0D7728B7-C9A3-460F-8807-D0DEB34050A5}.Release|arm64.Build.0 = Release|Any CPU
		{0D7728B7-C9A3-460F-8807-D0DEB34050A5}.Release|iPhone.ActiveCfg = Release|Any CPU
		{0D7728B7-C9A3-460F-8807-D0DEB34050A5}.Release|iPhone.Build.0 = Release|Any CPU
		{0D7728B7-C9A3-460F-8807-D0DEB34050A5}.Release|iPhoneSimulator.ActiveCfg = Release|Any CPU
		{0D7728B7-C9A3-460F-8807-D0DEB34050A5}.Release|iPhoneSimulator.Build.0 = Release|Any CPU
		{0D7728B7-C9A3-460F-8807-D0DEB34050A5}.Release|x64.ActiveCfg = Release|Any CPU
		{0D7728B7-C9A3-460F-8807-D0DEB34050A5}.Release|x64.Build.0 = Release|Any CPU
		{0D7728B7-C9A3-460F-8807-D0DEB34050A5}.Release|x86.ActiveCfg = Release|Any CPU
		{0D7728B7-C9A3-460F-8807-D0DEB34050A5}.Release|x86.Build.0 = Release|Any CPU
		{3E90EA22-3416-460B-94CB-B81C785B8CBA}.Debug|Any CPU.ActiveCfg = Debug|Any CPU
		{3E90EA22-3416-460B-94CB-B81C785B8CBA}.Debug|Any CPU.Build.0 = Debug|Any CPU
		{3E90EA22-3416-460B-94CB-B81C785B8CBA}.Debug|ARM.ActiveCfg = Debug|Any CPU
		{3E90EA22-3416-460B-94CB-B81C785B8CBA}.Debug|ARM.Build.0 = Debug|Any CPU
		{3E90EA22-3416-460B-94CB-B81C785B8CBA}.Debug|arm64.ActiveCfg = Debug|Any CPU
		{3E90EA22-3416-460B-94CB-B81C785B8CBA}.Debug|arm64.Build.0 = Debug|Any CPU
		{3E90EA22-3416-460B-94CB-B81C785B8CBA}.Debug|iPhone.ActiveCfg = Debug|Any CPU
		{3E90EA22-3416-460B-94CB-B81C785B8CBA}.Debug|iPhone.Build.0 = Debug|Any CPU
		{3E90EA22-3416-460B-94CB-B81C785B8CBA}.Debug|iPhoneSimulator.ActiveCfg = Debug|Any CPU
		{3E90EA22-3416-460B-94CB-B81C785B8CBA}.Debug|iPhoneSimulator.Build.0 = Debug|Any CPU
		{3E90EA22-3416-460B-94CB-B81C785B8CBA}.Debug|x64.ActiveCfg = Debug|Any CPU
		{3E90EA22-3416-460B-94CB-B81C785B8CBA}.Debug|x64.Build.0 = Debug|Any CPU
		{3E90EA22-3416-460B-94CB-B81C785B8CBA}.Debug|x86.ActiveCfg = Debug|Any CPU
		{3E90EA22-3416-460B-94CB-B81C785B8CBA}.Debug|x86.Build.0 = Debug|Any CPU
		{3E90EA22-3416-460B-94CB-B81C785B8CBA}.Release|Any CPU.ActiveCfg = Release|Any CPU
		{3E90EA22-3416-460B-94CB-B81C785B8CBA}.Release|Any CPU.Build.0 = Release|Any CPU
		{3E90EA22-3416-460B-94CB-B81C785B8CBA}.Release|ARM.ActiveCfg = Release|Any CPU
		{3E90EA22-3416-460B-94CB-B81C785B8CBA}.Release|ARM.Build.0 = Release|Any CPU
		{3E90EA22-3416-460B-94CB-B81C785B8CBA}.Release|arm64.ActiveCfg = Release|Any CPU
		{3E90EA22-3416-460B-94CB-B81C785B8CBA}.Release|arm64.Build.0 = Release|Any CPU
		{3E90EA22-3416-460B-94CB-B81C785B8CBA}.Release|iPhone.ActiveCfg = Release|Any CPU
		{3E90EA22-3416-460B-94CB-B81C785B8CBA}.Release|iPhone.Build.0 = Release|Any CPU
		{3E90EA22-3416-460B-94CB-B81C785B8CBA}.Release|iPhoneSimulator.ActiveCfg = Release|Any CPU
		{3E90EA22-3416-460B-94CB-B81C785B8CBA}.Release|iPhoneSimulator.Build.0 = Release|Any CPU
		{3E90EA22-3416-460B-94CB-B81C785B8CBA}.Release|x64.ActiveCfg = Release|Any CPU
		{3E90EA22-3416-460B-94CB-B81C785B8CBA}.Release|x64.Build.0 = Release|Any CPU
		{3E90EA22-3416-460B-94CB-B81C785B8CBA}.Release|x86.ActiveCfg = Release|Any CPU
		{3E90EA22-3416-460B-94CB-B81C785B8CBA}.Release|x86.Build.0 = Release|Any CPU
		{DD27C0FC-C8C0-4F0D-8DED-3DAB258E78AC}.Debug|Any CPU.ActiveCfg = Debug|Any CPU
		{DD27C0FC-C8C0-4F0D-8DED-3DAB258E78AC}.Debug|Any CPU.Build.0 = Debug|Any CPU
		{DD27C0FC-C8C0-4F0D-8DED-3DAB258E78AC}.Debug|ARM.ActiveCfg = Debug|Any CPU
		{DD27C0FC-C8C0-4F0D-8DED-3DAB258E78AC}.Debug|ARM.Build.0 = Debug|Any CPU
		{DD27C0FC-C8C0-4F0D-8DED-3DAB258E78AC}.Debug|arm64.ActiveCfg = Debug|Any CPU
		{DD27C0FC-C8C0-4F0D-8DED-3DAB258E78AC}.Debug|arm64.Build.0 = Debug|Any CPU
		{DD27C0FC-C8C0-4F0D-8DED-3DAB258E78AC}.Debug|iPhone.ActiveCfg = Debug|Any CPU
		{DD27C0FC-C8C0-4F0D-8DED-3DAB258E78AC}.Debug|iPhone.Build.0 = Debug|Any CPU
		{DD27C0FC-C8C0-4F0D-8DED-3DAB258E78AC}.Debug|iPhoneSimulator.ActiveCfg = Debug|Any CPU
		{DD27C0FC-C8C0-4F0D-8DED-3DAB258E78AC}.Debug|iPhoneSimulator.Build.0 = Debug|Any CPU
		{DD27C0FC-C8C0-4F0D-8DED-3DAB258E78AC}.Debug|x64.ActiveCfg = Debug|Any CPU
		{DD27C0FC-C8C0-4F0D-8DED-3DAB258E78AC}.Debug|x64.Build.0 = Debug|Any CPU
		{DD27C0FC-C8C0-4F0D-8DED-3DAB258E78AC}.Debug|x86.ActiveCfg = Debug|Any CPU
		{DD27C0FC-C8C0-4F0D-8DED-3DAB258E78AC}.Debug|x86.Build.0 = Debug|Any CPU
		{DD27C0FC-C8C0-4F0D-8DED-3DAB258E78AC}.Release|Any CPU.ActiveCfg = Release|Any CPU
		{DD27C0FC-C8C0-4F0D-8DED-3DAB258E78AC}.Release|Any CPU.Build.0 = Release|Any CPU
		{DD27C0FC-C8C0-4F0D-8DED-3DAB258E78AC}.Release|ARM.ActiveCfg = Release|Any CPU
		{DD27C0FC-C8C0-4F0D-8DED-3DAB258E78AC}.Release|ARM.Build.0 = Release|Any CPU
		{DD27C0FC-C8C0-4F0D-8DED-3DAB258E78AC}.Release|arm64.ActiveCfg = Release|Any CPU
		{DD27C0FC-C8C0-4F0D-8DED-3DAB258E78AC}.Release|arm64.Build.0 = Release|Any CPU
		{DD27C0FC-C8C0-4F0D-8DED-3DAB258E78AC}.Release|iPhone.ActiveCfg = Release|Any CPU
		{DD27C0FC-C8C0-4F0D-8DED-3DAB258E78AC}.Release|iPhone.Build.0 = Release|Any CPU
		{DD27C0FC-C8C0-4F0D-8DED-3DAB258E78AC}.Release|iPhoneSimulator.ActiveCfg = Release|Any CPU
		{DD27C0FC-C8C0-4F0D-8DED-3DAB258E78AC}.Release|iPhoneSimulator.Build.0 = Release|Any CPU
		{DD27C0FC-C8C0-4F0D-8DED-3DAB258E78AC}.Release|x64.ActiveCfg = Release|Any CPU
		{DD27C0FC-C8C0-4F0D-8DED-3DAB258E78AC}.Release|x64.Build.0 = Release|Any CPU
		{DD27C0FC-C8C0-4F0D-8DED-3DAB258E78AC}.Release|x86.ActiveCfg = Release|Any CPU
		{DD27C0FC-C8C0-4F0D-8DED-3DAB258E78AC}.Release|x86.Build.0 = Release|Any CPU
		{CD98BB95-237C-4BF7-9BF1-7DD7DFCFE8B1}.Debug|Any CPU.ActiveCfg = Debug|Any CPU
		{CD98BB95-237C-4BF7-9BF1-7DD7DFCFE8B1}.Debug|Any CPU.Build.0 = Debug|Any CPU
		{CD98BB95-237C-4BF7-9BF1-7DD7DFCFE8B1}.Debug|ARM.ActiveCfg = Debug|Any CPU
		{CD98BB95-237C-4BF7-9BF1-7DD7DFCFE8B1}.Debug|ARM.Build.0 = Debug|Any CPU
		{CD98BB95-237C-4BF7-9BF1-7DD7DFCFE8B1}.Debug|arm64.ActiveCfg = Debug|Any CPU
		{CD98BB95-237C-4BF7-9BF1-7DD7DFCFE8B1}.Debug|arm64.Build.0 = Debug|Any CPU
		{CD98BB95-237C-4BF7-9BF1-7DD7DFCFE8B1}.Debug|iPhone.ActiveCfg = Debug|Any CPU
		{CD98BB95-237C-4BF7-9BF1-7DD7DFCFE8B1}.Debug|iPhone.Build.0 = Debug|Any CPU
		{CD98BB95-237C-4BF7-9BF1-7DD7DFCFE8B1}.Debug|iPhoneSimulator.ActiveCfg = Debug|Any CPU
		{CD98BB95-237C-4BF7-9BF1-7DD7DFCFE8B1}.Debug|iPhoneSimulator.Build.0 = Debug|Any CPU
		{CD98BB95-237C-4BF7-9BF1-7DD7DFCFE8B1}.Debug|x64.ActiveCfg = Debug|Any CPU
		{CD98BB95-237C-4BF7-9BF1-7DD7DFCFE8B1}.Debug|x64.Build.0 = Debug|Any CPU
		{CD98BB95-237C-4BF7-9BF1-7DD7DFCFE8B1}.Debug|x86.ActiveCfg = Debug|Any CPU
		{CD98BB95-237C-4BF7-9BF1-7DD7DFCFE8B1}.Debug|x86.Build.0 = Debug|Any CPU
		{CD98BB95-237C-4BF7-9BF1-7DD7DFCFE8B1}.Release|Any CPU.ActiveCfg = Release|Any CPU
		{CD98BB95-237C-4BF7-9BF1-7DD7DFCFE8B1}.Release|Any CPU.Build.0 = Release|Any CPU
		{CD98BB95-237C-4BF7-9BF1-7DD7DFCFE8B1}.Release|ARM.ActiveCfg = Release|Any CPU
		{CD98BB95-237C-4BF7-9BF1-7DD7DFCFE8B1}.Release|ARM.Build.0 = Release|Any CPU
		{CD98BB95-237C-4BF7-9BF1-7DD7DFCFE8B1}.Release|arm64.ActiveCfg = Release|Any CPU
		{CD98BB95-237C-4BF7-9BF1-7DD7DFCFE8B1}.Release|arm64.Build.0 = Release|Any CPU
		{CD98BB95-237C-4BF7-9BF1-7DD7DFCFE8B1}.Release|iPhone.ActiveCfg = Release|Any CPU
		{CD98BB95-237C-4BF7-9BF1-7DD7DFCFE8B1}.Release|iPhone.Build.0 = Release|Any CPU
		{CD98BB95-237C-4BF7-9BF1-7DD7DFCFE8B1}.Release|iPhoneSimulator.ActiveCfg = Release|Any CPU
		{CD98BB95-237C-4BF7-9BF1-7DD7DFCFE8B1}.Release|iPhoneSimulator.Build.0 = Release|Any CPU
		{CD98BB95-237C-4BF7-9BF1-7DD7DFCFE8B1}.Release|x64.ActiveCfg = Release|Any CPU
		{CD98BB95-237C-4BF7-9BF1-7DD7DFCFE8B1}.Release|x64.Build.0 = Release|Any CPU
		{CD98BB95-237C-4BF7-9BF1-7DD7DFCFE8B1}.Release|x86.ActiveCfg = Release|Any CPU
		{CD98BB95-237C-4BF7-9BF1-7DD7DFCFE8B1}.Release|x86.Build.0 = Release|Any CPU
		{07439480-D535-4629-8A31-327AA6B6CC9E}.Debug|Any CPU.ActiveCfg = Debug|Any CPU
		{07439480-D535-4629-8A31-327AA6B6CC9E}.Debug|Any CPU.Build.0 = Debug|Any CPU
		{07439480-D535-4629-8A31-327AA6B6CC9E}.Debug|ARM.ActiveCfg = Debug|Any CPU
		{07439480-D535-4629-8A31-327AA6B6CC9E}.Debug|ARM.Build.0 = Debug|Any CPU
		{07439480-D535-4629-8A31-327AA6B6CC9E}.Debug|arm64.ActiveCfg = Debug|Any CPU
		{07439480-D535-4629-8A31-327AA6B6CC9E}.Debug|arm64.Build.0 = Debug|Any CPU
		{07439480-D535-4629-8A31-327AA6B6CC9E}.Debug|iPhone.ActiveCfg = Debug|Any CPU
		{07439480-D535-4629-8A31-327AA6B6CC9E}.Debug|iPhone.Build.0 = Debug|Any CPU
		{07439480-D535-4629-8A31-327AA6B6CC9E}.Debug|iPhoneSimulator.ActiveCfg = Debug|Any CPU
		{07439480-D535-4629-8A31-327AA6B6CC9E}.Debug|iPhoneSimulator.Build.0 = Debug|Any CPU
		{07439480-D535-4629-8A31-327AA6B6CC9E}.Debug|x64.ActiveCfg = Debug|Any CPU
		{07439480-D535-4629-8A31-327AA6B6CC9E}.Debug|x64.Build.0 = Debug|Any CPU
		{07439480-D535-4629-8A31-327AA6B6CC9E}.Debug|x86.ActiveCfg = Debug|Any CPU
		{07439480-D535-4629-8A31-327AA6B6CC9E}.Debug|x86.Build.0 = Debug|Any CPU
		{07439480-D535-4629-8A31-327AA6B6CC9E}.Release|Any CPU.ActiveCfg = Release|Any CPU
		{07439480-D535-4629-8A31-327AA6B6CC9E}.Release|Any CPU.Build.0 = Release|Any CPU
		{07439480-D535-4629-8A31-327AA6B6CC9E}.Release|ARM.ActiveCfg = Release|Any CPU
		{07439480-D535-4629-8A31-327AA6B6CC9E}.Release|ARM.Build.0 = Release|Any CPU
		{07439480-D535-4629-8A31-327AA6B6CC9E}.Release|arm64.ActiveCfg = Release|Any CPU
		{07439480-D535-4629-8A31-327AA6B6CC9E}.Release|arm64.Build.0 = Release|Any CPU
		{07439480-D535-4629-8A31-327AA6B6CC9E}.Release|iPhone.ActiveCfg = Release|Any CPU
		{07439480-D535-4629-8A31-327AA6B6CC9E}.Release|iPhone.Build.0 = Release|Any CPU
		{07439480-D535-4629-8A31-327AA6B6CC9E}.Release|iPhoneSimulator.ActiveCfg = Release|Any CPU
		{07439480-D535-4629-8A31-327AA6B6CC9E}.Release|iPhoneSimulator.Build.0 = Release|Any CPU
		{07439480-D535-4629-8A31-327AA6B6CC9E}.Release|x64.ActiveCfg = Release|Any CPU
		{07439480-D535-4629-8A31-327AA6B6CC9E}.Release|x64.Build.0 = Release|Any CPU
		{07439480-D535-4629-8A31-327AA6B6CC9E}.Release|x86.ActiveCfg = Release|Any CPU
		{07439480-D535-4629-8A31-327AA6B6CC9E}.Release|x86.Build.0 = Release|Any CPU
		{3A137C97-C6E9-419F-AFFB-72A22110681D}.Debug|Any CPU.ActiveCfg = Debug|Any CPU
		{3A137C97-C6E9-419F-AFFB-72A22110681D}.Debug|Any CPU.Build.0 = Debug|Any CPU
		{3A137C97-C6E9-419F-AFFB-72A22110681D}.Debug|ARM.ActiveCfg = Debug|Any CPU
		{3A137C97-C6E9-419F-AFFB-72A22110681D}.Debug|ARM.Build.0 = Debug|Any CPU
		{3A137C97-C6E9-419F-AFFB-72A22110681D}.Debug|arm64.ActiveCfg = Debug|Any CPU
		{3A137C97-C6E9-419F-AFFB-72A22110681D}.Debug|arm64.Build.0 = Debug|Any CPU
		{3A137C97-C6E9-419F-AFFB-72A22110681D}.Debug|iPhone.ActiveCfg = Debug|Any CPU
		{3A137C97-C6E9-419F-AFFB-72A22110681D}.Debug|iPhone.Build.0 = Debug|Any CPU
		{3A137C97-C6E9-419F-AFFB-72A22110681D}.Debug|iPhoneSimulator.ActiveCfg = Debug|Any CPU
		{3A137C97-C6E9-419F-AFFB-72A22110681D}.Debug|iPhoneSimulator.Build.0 = Debug|Any CPU
		{3A137C97-C6E9-419F-AFFB-72A22110681D}.Debug|x64.ActiveCfg = Debug|Any CPU
		{3A137C97-C6E9-419F-AFFB-72A22110681D}.Debug|x64.Build.0 = Debug|Any CPU
		{3A137C97-C6E9-419F-AFFB-72A22110681D}.Debug|x86.ActiveCfg = Debug|Any CPU
		{3A137C97-C6E9-419F-AFFB-72A22110681D}.Debug|x86.Build.0 = Debug|Any CPU
		{3A137C97-C6E9-419F-AFFB-72A22110681D}.Release|Any CPU.ActiveCfg = Release|Any CPU
		{3A137C97-C6E9-419F-AFFB-72A22110681D}.Release|Any CPU.Build.0 = Release|Any CPU
		{3A137C97-C6E9-419F-AFFB-72A22110681D}.Release|ARM.ActiveCfg = Release|Any CPU
		{3A137C97-C6E9-419F-AFFB-72A22110681D}.Release|ARM.Build.0 = Release|Any CPU
		{3A137C97-C6E9-419F-AFFB-72A22110681D}.Release|arm64.ActiveCfg = Release|Any CPU
		{3A137C97-C6E9-419F-AFFB-72A22110681D}.Release|arm64.Build.0 = Release|Any CPU
		{3A137C97-C6E9-419F-AFFB-72A22110681D}.Release|iPhone.ActiveCfg = Release|Any CPU
		{3A137C97-C6E9-419F-AFFB-72A22110681D}.Release|iPhone.Build.0 = Release|Any CPU
		{3A137C97-C6E9-419F-AFFB-72A22110681D}.Release|iPhoneSimulator.ActiveCfg = Release|Any CPU
		{3A137C97-C6E9-419F-AFFB-72A22110681D}.Release|iPhoneSimulator.Build.0 = Release|Any CPU
		{3A137C97-C6E9-419F-AFFB-72A22110681D}.Release|x64.ActiveCfg = Release|Any CPU
		{3A137C97-C6E9-419F-AFFB-72A22110681D}.Release|x64.Build.0 = Release|Any CPU
		{3A137C97-C6E9-419F-AFFB-72A22110681D}.Release|x86.ActiveCfg = Release|Any CPU
		{3A137C97-C6E9-419F-AFFB-72A22110681D}.Release|x86.Build.0 = Release|Any CPU
		{1CFE38DC-56A6-4E54-A03C-D8C78677C353}.Debug|Any CPU.ActiveCfg = Debug|Any CPU
		{1CFE38DC-56A6-4E54-A03C-D8C78677C353}.Debug|Any CPU.Build.0 = Debug|Any CPU
		{1CFE38DC-56A6-4E54-A03C-D8C78677C353}.Debug|ARM.ActiveCfg = Debug|Any CPU
		{1CFE38DC-56A6-4E54-A03C-D8C78677C353}.Debug|ARM.Build.0 = Debug|Any CPU
		{1CFE38DC-56A6-4E54-A03C-D8C78677C353}.Debug|arm64.ActiveCfg = Debug|Any CPU
		{1CFE38DC-56A6-4E54-A03C-D8C78677C353}.Debug|arm64.Build.0 = Debug|Any CPU
		{1CFE38DC-56A6-4E54-A03C-D8C78677C353}.Debug|iPhone.ActiveCfg = Debug|Any CPU
		{1CFE38DC-56A6-4E54-A03C-D8C78677C353}.Debug|iPhone.Build.0 = Debug|Any CPU
		{1CFE38DC-56A6-4E54-A03C-D8C78677C353}.Debug|iPhoneSimulator.ActiveCfg = Debug|Any CPU
		{1CFE38DC-56A6-4E54-A03C-D8C78677C353}.Debug|iPhoneSimulator.Build.0 = Debug|Any CPU
		{1CFE38DC-56A6-4E54-A03C-D8C78677C353}.Debug|x64.ActiveCfg = Debug|Any CPU
		{1CFE38DC-56A6-4E54-A03C-D8C78677C353}.Debug|x64.Build.0 = Debug|Any CPU
		{1CFE38DC-56A6-4E54-A03C-D8C78677C353}.Debug|x86.ActiveCfg = Debug|Any CPU
		{1CFE38DC-56A6-4E54-A03C-D8C78677C353}.Debug|x86.Build.0 = Debug|Any CPU
		{1CFE38DC-56A6-4E54-A03C-D8C78677C353}.Release|Any CPU.ActiveCfg = Release|Any CPU
		{1CFE38DC-56A6-4E54-A03C-D8C78677C353}.Release|Any CPU.Build.0 = Release|Any CPU
		{1CFE38DC-56A6-4E54-A03C-D8C78677C353}.Release|ARM.ActiveCfg = Release|Any CPU
		{1CFE38DC-56A6-4E54-A03C-D8C78677C353}.Release|ARM.Build.0 = Release|Any CPU
		{1CFE38DC-56A6-4E54-A03C-D8C78677C353}.Release|arm64.ActiveCfg = Release|Any CPU
		{1CFE38DC-56A6-4E54-A03C-D8C78677C353}.Release|arm64.Build.0 = Release|Any CPU
		{1CFE38DC-56A6-4E54-A03C-D8C78677C353}.Release|iPhone.ActiveCfg = Release|Any CPU
		{1CFE38DC-56A6-4E54-A03C-D8C78677C353}.Release|iPhone.Build.0 = Release|Any CPU
		{1CFE38DC-56A6-4E54-A03C-D8C78677C353}.Release|iPhoneSimulator.ActiveCfg = Release|Any CPU
		{1CFE38DC-56A6-4E54-A03C-D8C78677C353}.Release|iPhoneSimulator.Build.0 = Release|Any CPU
		{1CFE38DC-56A6-4E54-A03C-D8C78677C353}.Release|x64.ActiveCfg = Release|Any CPU
		{1CFE38DC-56A6-4E54-A03C-D8C78677C353}.Release|x64.Build.0 = Release|Any CPU
		{1CFE38DC-56A6-4E54-A03C-D8C78677C353}.Release|x86.ActiveCfg = Release|Any CPU
		{1CFE38DC-56A6-4E54-A03C-D8C78677C353}.Release|x86.Build.0 = Release|Any CPU
		{DC806E1B-B94F-4249-A163-5767E7DF4E1F}.Debug|Any CPU.ActiveCfg = Debug|x64
		{DC806E1B-B94F-4249-A163-5767E7DF4E1F}.Debug|Any CPU.Build.0 = Debug|x64
		{DC806E1B-B94F-4249-A163-5767E7DF4E1F}.Debug|Any CPU.Deploy.0 = Debug|x64
		{DC806E1B-B94F-4249-A163-5767E7DF4E1F}.Debug|ARM.ActiveCfg = Debug|x64
		{DC806E1B-B94F-4249-A163-5767E7DF4E1F}.Debug|ARM.Build.0 = Debug|x64
		{DC806E1B-B94F-4249-A163-5767E7DF4E1F}.Debug|ARM.Deploy.0 = Debug|x64
		{DC806E1B-B94F-4249-A163-5767E7DF4E1F}.Debug|arm64.ActiveCfg = Debug|ARM64
		{DC806E1B-B94F-4249-A163-5767E7DF4E1F}.Debug|arm64.Build.0 = Debug|ARM64
		{DC806E1B-B94F-4249-A163-5767E7DF4E1F}.Debug|arm64.Deploy.0 = Debug|ARM64
		{DC806E1B-B94F-4249-A163-5767E7DF4E1F}.Debug|iPhone.ActiveCfg = Debug|x64
		{DC806E1B-B94F-4249-A163-5767E7DF4E1F}.Debug|iPhone.Build.0 = Debug|x64
		{DC806E1B-B94F-4249-A163-5767E7DF4E1F}.Debug|iPhone.Deploy.0 = Debug|x64
		{DC806E1B-B94F-4249-A163-5767E7DF4E1F}.Debug|iPhoneSimulator.ActiveCfg = Debug|x64
		{DC806E1B-B94F-4249-A163-5767E7DF4E1F}.Debug|iPhoneSimulator.Build.0 = Debug|x64
		{DC806E1B-B94F-4249-A163-5767E7DF4E1F}.Debug|iPhoneSimulator.Deploy.0 = Debug|x64
		{DC806E1B-B94F-4249-A163-5767E7DF4E1F}.Debug|x64.ActiveCfg = Debug|x64
		{DC806E1B-B94F-4249-A163-5767E7DF4E1F}.Debug|x64.Build.0 = Debug|x64
		{DC806E1B-B94F-4249-A163-5767E7DF4E1F}.Debug|x64.Deploy.0 = Debug|x64
		{DC806E1B-B94F-4249-A163-5767E7DF4E1F}.Debug|x86.ActiveCfg = Debug|x86
		{DC806E1B-B94F-4249-A163-5767E7DF4E1F}.Debug|x86.Build.0 = Debug|x86
		{DC806E1B-B94F-4249-A163-5767E7DF4E1F}.Debug|x86.Deploy.0 = Debug|x86
		{DC806E1B-B94F-4249-A163-5767E7DF4E1F}.Release|Any CPU.ActiveCfg = Release|x64
		{DC806E1B-B94F-4249-A163-5767E7DF4E1F}.Release|Any CPU.Build.0 = Release|x64
		{DC806E1B-B94F-4249-A163-5767E7DF4E1F}.Release|Any CPU.Deploy.0 = Release|x64
		{DC806E1B-B94F-4249-A163-5767E7DF4E1F}.Release|ARM.ActiveCfg = Release|x64
		{DC806E1B-B94F-4249-A163-5767E7DF4E1F}.Release|ARM.Build.0 = Release|x64
		{DC806E1B-B94F-4249-A163-5767E7DF4E1F}.Release|ARM.Deploy.0 = Release|x64
		{DC806E1B-B94F-4249-A163-5767E7DF4E1F}.Release|arm64.ActiveCfg = Release|ARM64
		{DC806E1B-B94F-4249-A163-5767E7DF4E1F}.Release|arm64.Build.0 = Release|ARM64
		{DC806E1B-B94F-4249-A163-5767E7DF4E1F}.Release|arm64.Deploy.0 = Release|ARM64
		{DC806E1B-B94F-4249-A163-5767E7DF4E1F}.Release|iPhone.ActiveCfg = Release|x64
		{DC806E1B-B94F-4249-A163-5767E7DF4E1F}.Release|iPhone.Build.0 = Release|x64
		{DC806E1B-B94F-4249-A163-5767E7DF4E1F}.Release|iPhone.Deploy.0 = Release|x64
		{DC806E1B-B94F-4249-A163-5767E7DF4E1F}.Release|iPhoneSimulator.ActiveCfg = Release|x64
		{DC806E1B-B94F-4249-A163-5767E7DF4E1F}.Release|iPhoneSimulator.Build.0 = Release|x64
		{DC806E1B-B94F-4249-A163-5767E7DF4E1F}.Release|iPhoneSimulator.Deploy.0 = Release|x64
		{DC806E1B-B94F-4249-A163-5767E7DF4E1F}.Release|x64.ActiveCfg = Release|x64
		{DC806E1B-B94F-4249-A163-5767E7DF4E1F}.Release|x64.Build.0 = Release|x64
		{DC806E1B-B94F-4249-A163-5767E7DF4E1F}.Release|x64.Deploy.0 = Release|x64
		{DC806E1B-B94F-4249-A163-5767E7DF4E1F}.Release|x86.ActiveCfg = Release|x86
		{DC806E1B-B94F-4249-A163-5767E7DF4E1F}.Release|x86.Build.0 = Release|x86
		{DC806E1B-B94F-4249-A163-5767E7DF4E1F}.Release|x86.Deploy.0 = Release|x86
		{6279C845-92F8-4333-AB99-3D213163593C}.Debug|Any CPU.ActiveCfg = Debug|Any CPU
		{6279C845-92F8-4333-AB99-3D213163593C}.Debug|ARM.ActiveCfg = Debug|Any CPU
		{6279C845-92F8-4333-AB99-3D213163593C}.Debug|arm64.ActiveCfg = Debug|Any CPU
		{6279C845-92F8-4333-AB99-3D213163593C}.Debug|iPhone.ActiveCfg = Debug|Any CPU
		{6279C845-92F8-4333-AB99-3D213163593C}.Debug|iPhoneSimulator.ActiveCfg = Debug|Any CPU
		{6279C845-92F8-4333-AB99-3D213163593C}.Debug|x64.ActiveCfg = Debug|Any CPU
		{6279C845-92F8-4333-AB99-3D213163593C}.Debug|x86.ActiveCfg = Debug|Win32
		{6279C845-92F8-4333-AB99-3D213163593C}.Release|Any CPU.ActiveCfg = Release|Any CPU
		{6279C845-92F8-4333-AB99-3D213163593C}.Release|ARM.ActiveCfg = Release|Any CPU
		{6279C845-92F8-4333-AB99-3D213163593C}.Release|arm64.ActiveCfg = Release|Any CPU
		{6279C845-92F8-4333-AB99-3D213163593C}.Release|iPhone.ActiveCfg = Release|Any CPU
		{6279C845-92F8-4333-AB99-3D213163593C}.Release|iPhoneSimulator.ActiveCfg = Release|Any CPU
		{6279C845-92F8-4333-AB99-3D213163593C}.Release|x64.ActiveCfg = Release|Any CPU
		{6279C845-92F8-4333-AB99-3D213163593C}.Release|x86.ActiveCfg = Release|Win32
		{C5FA00BC-9C6A-4AD1-93CD-DB9336D33FF7}.Debug|Any CPU.ActiveCfg = Debug|Any CPU
		{C5FA00BC-9C6A-4AD1-93CD-DB9336D33FF7}.Debug|Any CPU.Build.0 = Debug|Any CPU
		{C5FA00BC-9C6A-4AD1-93CD-DB9336D33FF7}.Debug|Any CPU.Deploy.0 = Debug|Any CPU
		{C5FA00BC-9C6A-4AD1-93CD-DB9336D33FF7}.Debug|ARM.ActiveCfg = Debug|Any CPU
		{C5FA00BC-9C6A-4AD1-93CD-DB9336D33FF7}.Debug|ARM.Build.0 = Debug|Any CPU
		{C5FA00BC-9C6A-4AD1-93CD-DB9336D33FF7}.Debug|ARM.Deploy.0 = Debug|Any CPU
		{C5FA00BC-9C6A-4AD1-93CD-DB9336D33FF7}.Debug|arm64.ActiveCfg = Debug|Any CPU
		{C5FA00BC-9C6A-4AD1-93CD-DB9336D33FF7}.Debug|arm64.Build.0 = Debug|Any CPU
		{C5FA00BC-9C6A-4AD1-93CD-DB9336D33FF7}.Debug|arm64.Deploy.0 = Debug|Any CPU
		{C5FA00BC-9C6A-4AD1-93CD-DB9336D33FF7}.Debug|iPhone.ActiveCfg = Debug|Any CPU
		{C5FA00BC-9C6A-4AD1-93CD-DB9336D33FF7}.Debug|iPhone.Build.0 = Debug|Any CPU
		{C5FA00BC-9C6A-4AD1-93CD-DB9336D33FF7}.Debug|iPhone.Deploy.0 = Debug|Any CPU
		{C5FA00BC-9C6A-4AD1-93CD-DB9336D33FF7}.Debug|iPhoneSimulator.ActiveCfg = Debug|Any CPU
		{C5FA00BC-9C6A-4AD1-93CD-DB9336D33FF7}.Debug|iPhoneSimulator.Build.0 = Debug|Any CPU
		{C5FA00BC-9C6A-4AD1-93CD-DB9336D33FF7}.Debug|iPhoneSimulator.Deploy.0 = Debug|Any CPU
		{C5FA00BC-9C6A-4AD1-93CD-DB9336D33FF7}.Debug|x64.ActiveCfg = Debug|Any CPU
		{C5FA00BC-9C6A-4AD1-93CD-DB9336D33FF7}.Debug|x64.Build.0 = Debug|Any CPU
		{C5FA00BC-9C6A-4AD1-93CD-DB9336D33FF7}.Debug|x64.Deploy.0 = Debug|Any CPU
		{C5FA00BC-9C6A-4AD1-93CD-DB9336D33FF7}.Debug|x86.ActiveCfg = Debug|Any CPU
		{C5FA00BC-9C6A-4AD1-93CD-DB9336D33FF7}.Debug|x86.Build.0 = Debug|Any CPU
		{C5FA00BC-9C6A-4AD1-93CD-DB9336D33FF7}.Debug|x86.Deploy.0 = Debug|Any CPU
		{C5FA00BC-9C6A-4AD1-93CD-DB9336D33FF7}.Release|Any CPU.ActiveCfg = Release|Any CPU
		{C5FA00BC-9C6A-4AD1-93CD-DB9336D33FF7}.Release|Any CPU.Build.0 = Release|Any CPU
		{C5FA00BC-9C6A-4AD1-93CD-DB9336D33FF7}.Release|Any CPU.Deploy.0 = Release|Any CPU
		{C5FA00BC-9C6A-4AD1-93CD-DB9336D33FF7}.Release|ARM.ActiveCfg = Release|Any CPU
		{C5FA00BC-9C6A-4AD1-93CD-DB9336D33FF7}.Release|ARM.Build.0 = Release|Any CPU
		{C5FA00BC-9C6A-4AD1-93CD-DB9336D33FF7}.Release|ARM.Deploy.0 = Release|Any CPU
		{C5FA00BC-9C6A-4AD1-93CD-DB9336D33FF7}.Release|arm64.ActiveCfg = Release|Any CPU
		{C5FA00BC-9C6A-4AD1-93CD-DB9336D33FF7}.Release|arm64.Build.0 = Release|Any CPU
		{C5FA00BC-9C6A-4AD1-93CD-DB9336D33FF7}.Release|arm64.Deploy.0 = Release|Any CPU
		{C5FA00BC-9C6A-4AD1-93CD-DB9336D33FF7}.Release|iPhone.ActiveCfg = Release|Any CPU
		{C5FA00BC-9C6A-4AD1-93CD-DB9336D33FF7}.Release|iPhone.Build.0 = Release|Any CPU
		{C5FA00BC-9C6A-4AD1-93CD-DB9336D33FF7}.Release|iPhone.Deploy.0 = Release|Any CPU
		{C5FA00BC-9C6A-4AD1-93CD-DB9336D33FF7}.Release|iPhoneSimulator.ActiveCfg = Release|Any CPU
		{C5FA00BC-9C6A-4AD1-93CD-DB9336D33FF7}.Release|iPhoneSimulator.Build.0 = Release|Any CPU
		{C5FA00BC-9C6A-4AD1-93CD-DB9336D33FF7}.Release|iPhoneSimulator.Deploy.0 = Release|Any CPU
		{C5FA00BC-9C6A-4AD1-93CD-DB9336D33FF7}.Release|x64.ActiveCfg = Release|Any CPU
		{C5FA00BC-9C6A-4AD1-93CD-DB9336D33FF7}.Release|x64.Build.0 = Release|Any CPU
		{C5FA00BC-9C6A-4AD1-93CD-DB9336D33FF7}.Release|x64.Deploy.0 = Release|Any CPU
		{C5FA00BC-9C6A-4AD1-93CD-DB9336D33FF7}.Release|x86.ActiveCfg = Release|Any CPU
		{C5FA00BC-9C6A-4AD1-93CD-DB9336D33FF7}.Release|x86.Build.0 = Release|Any CPU
		{C5FA00BC-9C6A-4AD1-93CD-DB9336D33FF7}.Release|x86.Deploy.0 = Release|Any CPU
		{839F8BB5-2C7F-48D8-B723-18C5443DB35A}.Debug|Any CPU.ActiveCfg = Debug|Any CPU
		{839F8BB5-2C7F-48D8-B723-18C5443DB35A}.Debug|Any CPU.Build.0 = Debug|Any CPU
		{839F8BB5-2C7F-48D8-B723-18C5443DB35A}.Debug|ARM.ActiveCfg = Debug|Any CPU
		{839F8BB5-2C7F-48D8-B723-18C5443DB35A}.Debug|ARM.Build.0 = Debug|Any CPU
		{839F8BB5-2C7F-48D8-B723-18C5443DB35A}.Debug|arm64.ActiveCfg = Debug|Any CPU
		{839F8BB5-2C7F-48D8-B723-18C5443DB35A}.Debug|arm64.Build.0 = Debug|Any CPU
		{839F8BB5-2C7F-48D8-B723-18C5443DB35A}.Debug|iPhone.ActiveCfg = Debug|Any CPU
		{839F8BB5-2C7F-48D8-B723-18C5443DB35A}.Debug|iPhone.Build.0 = Debug|Any CPU
		{839F8BB5-2C7F-48D8-B723-18C5443DB35A}.Debug|iPhoneSimulator.ActiveCfg = Debug|Any CPU
		{839F8BB5-2C7F-48D8-B723-18C5443DB35A}.Debug|iPhoneSimulator.Build.0 = Debug|Any CPU
		{839F8BB5-2C7F-48D8-B723-18C5443DB35A}.Debug|x64.ActiveCfg = Debug|Any CPU
		{839F8BB5-2C7F-48D8-B723-18C5443DB35A}.Debug|x64.Build.0 = Debug|Any CPU
		{839F8BB5-2C7F-48D8-B723-18C5443DB35A}.Debug|x86.ActiveCfg = Debug|Any CPU
		{839F8BB5-2C7F-48D8-B723-18C5443DB35A}.Debug|x86.Build.0 = Debug|Any CPU
		{839F8BB5-2C7F-48D8-B723-18C5443DB35A}.Release|Any CPU.ActiveCfg = Release|Any CPU
		{839F8BB5-2C7F-48D8-B723-18C5443DB35A}.Release|Any CPU.Build.0 = Release|Any CPU
		{839F8BB5-2C7F-48D8-B723-18C5443DB35A}.Release|ARM.ActiveCfg = Release|Any CPU
		{839F8BB5-2C7F-48D8-B723-18C5443DB35A}.Release|ARM.Build.0 = Release|Any CPU
		{839F8BB5-2C7F-48D8-B723-18C5443DB35A}.Release|arm64.ActiveCfg = Release|Any CPU
		{839F8BB5-2C7F-48D8-B723-18C5443DB35A}.Release|arm64.Build.0 = Release|Any CPU
		{839F8BB5-2C7F-48D8-B723-18C5443DB35A}.Release|iPhone.ActiveCfg = Release|Any CPU
		{839F8BB5-2C7F-48D8-B723-18C5443DB35A}.Release|iPhone.Build.0 = Release|Any CPU
		{839F8BB5-2C7F-48D8-B723-18C5443DB35A}.Release|iPhoneSimulator.ActiveCfg = Release|Any CPU
		{839F8BB5-2C7F-48D8-B723-18C5443DB35A}.Release|iPhoneSimulator.Build.0 = Release|Any CPU
		{839F8BB5-2C7F-48D8-B723-18C5443DB35A}.Release|x64.ActiveCfg = Release|Any CPU
		{839F8BB5-2C7F-48D8-B723-18C5443DB35A}.Release|x64.Build.0 = Release|Any CPU
		{839F8BB5-2C7F-48D8-B723-18C5443DB35A}.Release|x86.ActiveCfg = Release|Any CPU
		{839F8BB5-2C7F-48D8-B723-18C5443DB35A}.Release|x86.Build.0 = Release|Any CPU
		{D1C8EF7E-9A71-4054-98C8-45B66494A049}.Debug|Any CPU.ActiveCfg = Debug|x64
		{D1C8EF7E-9A71-4054-98C8-45B66494A049}.Debug|Any CPU.Build.0 = Debug|x64
		{D1C8EF7E-9A71-4054-98C8-45B66494A049}.Debug|Any CPU.Deploy.0 = Debug|x64
		{D1C8EF7E-9A71-4054-98C8-45B66494A049}.Debug|ARM.ActiveCfg = Debug|x64
		{D1C8EF7E-9A71-4054-98C8-45B66494A049}.Debug|ARM.Build.0 = Debug|x64
		{D1C8EF7E-9A71-4054-98C8-45B66494A049}.Debug|ARM.Deploy.0 = Debug|x64
		{D1C8EF7E-9A71-4054-98C8-45B66494A049}.Debug|arm64.ActiveCfg = Debug|arm64
		{D1C8EF7E-9A71-4054-98C8-45B66494A049}.Debug|arm64.Build.0 = Debug|arm64
		{D1C8EF7E-9A71-4054-98C8-45B66494A049}.Debug|arm64.Deploy.0 = Debug|arm64
		{D1C8EF7E-9A71-4054-98C8-45B66494A049}.Debug|iPhone.ActiveCfg = Debug|x64
		{D1C8EF7E-9A71-4054-98C8-45B66494A049}.Debug|iPhone.Build.0 = Debug|x64
		{D1C8EF7E-9A71-4054-98C8-45B66494A049}.Debug|iPhone.Deploy.0 = Debug|x64
		{D1C8EF7E-9A71-4054-98C8-45B66494A049}.Debug|iPhoneSimulator.ActiveCfg = Debug|x64
		{D1C8EF7E-9A71-4054-98C8-45B66494A049}.Debug|iPhoneSimulator.Build.0 = Debug|x64
		{D1C8EF7E-9A71-4054-98C8-45B66494A049}.Debug|iPhoneSimulator.Deploy.0 = Debug|x64
		{D1C8EF7E-9A71-4054-98C8-45B66494A049}.Debug|x64.ActiveCfg = Debug|x64
		{D1C8EF7E-9A71-4054-98C8-45B66494A049}.Debug|x64.Build.0 = Debug|x64
		{D1C8EF7E-9A71-4054-98C8-45B66494A049}.Debug|x64.Deploy.0 = Debug|x64
		{D1C8EF7E-9A71-4054-98C8-45B66494A049}.Debug|x86.ActiveCfg = Debug|x86
		{D1C8EF7E-9A71-4054-98C8-45B66494A049}.Debug|x86.Build.0 = Debug|x86
		{D1C8EF7E-9A71-4054-98C8-45B66494A049}.Debug|x86.Deploy.0 = Debug|x86
		{D1C8EF7E-9A71-4054-98C8-45B66494A049}.Release|Any CPU.ActiveCfg = Release|x64
		{D1C8EF7E-9A71-4054-98C8-45B66494A049}.Release|Any CPU.Build.0 = Release|x64
		{D1C8EF7E-9A71-4054-98C8-45B66494A049}.Release|Any CPU.Deploy.0 = Release|x64
		{D1C8EF7E-9A71-4054-98C8-45B66494A049}.Release|ARM.ActiveCfg = Release|x64
		{D1C8EF7E-9A71-4054-98C8-45B66494A049}.Release|ARM.Build.0 = Release|x64
		{D1C8EF7E-9A71-4054-98C8-45B66494A049}.Release|ARM.Deploy.0 = Release|x64
		{D1C8EF7E-9A71-4054-98C8-45B66494A049}.Release|arm64.ActiveCfg = Release|arm64
		{D1C8EF7E-9A71-4054-98C8-45B66494A049}.Release|arm64.Build.0 = Release|arm64
		{D1C8EF7E-9A71-4054-98C8-45B66494A049}.Release|arm64.Deploy.0 = Release|arm64
		{D1C8EF7E-9A71-4054-98C8-45B66494A049}.Release|iPhone.ActiveCfg = Release|x64
		{D1C8EF7E-9A71-4054-98C8-45B66494A049}.Release|iPhone.Build.0 = Release|x64
		{D1C8EF7E-9A71-4054-98C8-45B66494A049}.Release|iPhone.Deploy.0 = Release|x64
		{D1C8EF7E-9A71-4054-98C8-45B66494A049}.Release|iPhoneSimulator.ActiveCfg = Release|x64
		{D1C8EF7E-9A71-4054-98C8-45B66494A049}.Release|iPhoneSimulator.Build.0 = Release|x64
		{D1C8EF7E-9A71-4054-98C8-45B66494A049}.Release|iPhoneSimulator.Deploy.0 = Release|x64
		{D1C8EF7E-9A71-4054-98C8-45B66494A049}.Release|x64.ActiveCfg = Release|x64
		{D1C8EF7E-9A71-4054-98C8-45B66494A049}.Release|x64.Build.0 = Release|x64
		{D1C8EF7E-9A71-4054-98C8-45B66494A049}.Release|x64.Deploy.0 = Release|x64
		{D1C8EF7E-9A71-4054-98C8-45B66494A049}.Release|x86.ActiveCfg = Release|x86
		{D1C8EF7E-9A71-4054-98C8-45B66494A049}.Release|x86.Build.0 = Release|x86
		{D1C8EF7E-9A71-4054-98C8-45B66494A049}.Release|x86.Deploy.0 = Release|x86
		{F262FF73-E804-4C4A-AFAD-56D507A67D38}.Debug|Any CPU.ActiveCfg = Debug|Any CPU
		{F262FF73-E804-4C4A-AFAD-56D507A67D38}.Debug|Any CPU.Build.0 = Debug|Any CPU
		{F262FF73-E804-4C4A-AFAD-56D507A67D38}.Debug|ARM.ActiveCfg = Debug|Any CPU
		{F262FF73-E804-4C4A-AFAD-56D507A67D38}.Debug|ARM.Build.0 = Debug|Any CPU
		{F262FF73-E804-4C4A-AFAD-56D507A67D38}.Debug|arm64.ActiveCfg = Debug|Any CPU
		{F262FF73-E804-4C4A-AFAD-56D507A67D38}.Debug|arm64.Build.0 = Debug|Any CPU
		{F262FF73-E804-4C4A-AFAD-56D507A67D38}.Debug|iPhone.ActiveCfg = Debug|Any CPU
		{F262FF73-E804-4C4A-AFAD-56D507A67D38}.Debug|iPhone.Build.0 = Debug|Any CPU
		{F262FF73-E804-4C4A-AFAD-56D507A67D38}.Debug|iPhoneSimulator.ActiveCfg = Debug|Any CPU
		{F262FF73-E804-4C4A-AFAD-56D507A67D38}.Debug|iPhoneSimulator.Build.0 = Debug|Any CPU
		{F262FF73-E804-4C4A-AFAD-56D507A67D38}.Debug|x64.ActiveCfg = Debug|Any CPU
		{F262FF73-E804-4C4A-AFAD-56D507A67D38}.Debug|x64.Build.0 = Debug|Any CPU
		{F262FF73-E804-4C4A-AFAD-56D507A67D38}.Debug|x86.ActiveCfg = Debug|Any CPU
		{F262FF73-E804-4C4A-AFAD-56D507A67D38}.Debug|x86.Build.0 = Debug|Any CPU
		{F262FF73-E804-4C4A-AFAD-56D507A67D38}.Release|Any CPU.ActiveCfg = Release|Any CPU
		{F262FF73-E804-4C4A-AFAD-56D507A67D38}.Release|Any CPU.Build.0 = Release|Any CPU
		{F262FF73-E804-4C4A-AFAD-56D507A67D38}.Release|ARM.ActiveCfg = Release|Any CPU
		{F262FF73-E804-4C4A-AFAD-56D507A67D38}.Release|ARM.Build.0 = Release|Any CPU
		{F262FF73-E804-4C4A-AFAD-56D507A67D38}.Release|arm64.ActiveCfg = Release|Any CPU
		{F262FF73-E804-4C4A-AFAD-56D507A67D38}.Release|arm64.Build.0 = Release|Any CPU
		{F262FF73-E804-4C4A-AFAD-56D507A67D38}.Release|iPhone.ActiveCfg = Release|Any CPU
		{F262FF73-E804-4C4A-AFAD-56D507A67D38}.Release|iPhone.Build.0 = Release|Any CPU
		{F262FF73-E804-4C4A-AFAD-56D507A67D38}.Release|iPhoneSimulator.ActiveCfg = Release|Any CPU
		{F262FF73-E804-4C4A-AFAD-56D507A67D38}.Release|iPhoneSimulator.Build.0 = Release|Any CPU
		{F262FF73-E804-4C4A-AFAD-56D507A67D38}.Release|x64.ActiveCfg = Release|Any CPU
		{F262FF73-E804-4C4A-AFAD-56D507A67D38}.Release|x64.Build.0 = Release|Any CPU
		{F262FF73-E804-4C4A-AFAD-56D507A67D38}.Release|x86.ActiveCfg = Release|Any CPU
		{F262FF73-E804-4C4A-AFAD-56D507A67D38}.Release|x86.Build.0 = Release|Any CPU
		{97DCC3D2-C6D6-4D0A-B67A-E126A7FAF14B}.Debug|Any CPU.ActiveCfg = Debug|Any CPU
		{97DCC3D2-C6D6-4D0A-B67A-E126A7FAF14B}.Debug|Any CPU.Build.0 = Debug|Any CPU
		{97DCC3D2-C6D6-4D0A-B67A-E126A7FAF14B}.Debug|Any CPU.Deploy.0 = Debug|Any CPU
		{97DCC3D2-C6D6-4D0A-B67A-E126A7FAF14B}.Debug|ARM.ActiveCfg = Debug|Any CPU
		{97DCC3D2-C6D6-4D0A-B67A-E126A7FAF14B}.Debug|ARM.Build.0 = Debug|Any CPU
		{97DCC3D2-C6D6-4D0A-B67A-E126A7FAF14B}.Debug|ARM.Deploy.0 = Debug|Any CPU
		{97DCC3D2-C6D6-4D0A-B67A-E126A7FAF14B}.Debug|arm64.ActiveCfg = Debug|Any CPU
		{97DCC3D2-C6D6-4D0A-B67A-E126A7FAF14B}.Debug|arm64.Build.0 = Debug|Any CPU
		{97DCC3D2-C6D6-4D0A-B67A-E126A7FAF14B}.Debug|arm64.Deploy.0 = Debug|Any CPU
		{97DCC3D2-C6D6-4D0A-B67A-E126A7FAF14B}.Debug|iPhone.ActiveCfg = Debug|Any CPU
		{97DCC3D2-C6D6-4D0A-B67A-E126A7FAF14B}.Debug|iPhone.Build.0 = Debug|Any CPU
		{97DCC3D2-C6D6-4D0A-B67A-E126A7FAF14B}.Debug|iPhone.Deploy.0 = Debug|Any CPU
		{97DCC3D2-C6D6-4D0A-B67A-E126A7FAF14B}.Debug|iPhoneSimulator.ActiveCfg = Debug|Any CPU
		{97DCC3D2-C6D6-4D0A-B67A-E126A7FAF14B}.Debug|iPhoneSimulator.Build.0 = Debug|Any CPU
		{97DCC3D2-C6D6-4D0A-B67A-E126A7FAF14B}.Debug|iPhoneSimulator.Deploy.0 = Debug|Any CPU
		{97DCC3D2-C6D6-4D0A-B67A-E126A7FAF14B}.Debug|x64.ActiveCfg = Debug|Any CPU
		{97DCC3D2-C6D6-4D0A-B67A-E126A7FAF14B}.Debug|x64.Build.0 = Debug|Any CPU
		{97DCC3D2-C6D6-4D0A-B67A-E126A7FAF14B}.Debug|x64.Deploy.0 = Debug|Any CPU
		{97DCC3D2-C6D6-4D0A-B67A-E126A7FAF14B}.Debug|x86.ActiveCfg = Debug|Any CPU
		{97DCC3D2-C6D6-4D0A-B67A-E126A7FAF14B}.Debug|x86.Build.0 = Debug|Any CPU
		{97DCC3D2-C6D6-4D0A-B67A-E126A7FAF14B}.Debug|x86.Deploy.0 = Debug|Any CPU
		{97DCC3D2-C6D6-4D0A-B67A-E126A7FAF14B}.Release|Any CPU.ActiveCfg = Release|Any CPU
		{97DCC3D2-C6D6-4D0A-B67A-E126A7FAF14B}.Release|Any CPU.Build.0 = Release|Any CPU
		{97DCC3D2-C6D6-4D0A-B67A-E126A7FAF14B}.Release|Any CPU.Deploy.0 = Release|Any CPU
		{97DCC3D2-C6D6-4D0A-B67A-E126A7FAF14B}.Release|ARM.ActiveCfg = Release|Any CPU
		{97DCC3D2-C6D6-4D0A-B67A-E126A7FAF14B}.Release|ARM.Build.0 = Release|Any CPU
		{97DCC3D2-C6D6-4D0A-B67A-E126A7FAF14B}.Release|ARM.Deploy.0 = Release|Any CPU
		{97DCC3D2-C6D6-4D0A-B67A-E126A7FAF14B}.Release|arm64.ActiveCfg = Release|Any CPU
		{97DCC3D2-C6D6-4D0A-B67A-E126A7FAF14B}.Release|arm64.Build.0 = Release|Any CPU
		{97DCC3D2-C6D6-4D0A-B67A-E126A7FAF14B}.Release|arm64.Deploy.0 = Release|Any CPU
		{97DCC3D2-C6D6-4D0A-B67A-E126A7FAF14B}.Release|iPhone.ActiveCfg = Release|Any CPU
		{97DCC3D2-C6D6-4D0A-B67A-E126A7FAF14B}.Release|iPhone.Build.0 = Release|Any CPU
		{97DCC3D2-C6D6-4D0A-B67A-E126A7FAF14B}.Release|iPhone.Deploy.0 = Release|Any CPU
		{97DCC3D2-C6D6-4D0A-B67A-E126A7FAF14B}.Release|iPhoneSimulator.ActiveCfg = Release|Any CPU
		{97DCC3D2-C6D6-4D0A-B67A-E126A7FAF14B}.Release|iPhoneSimulator.Build.0 = Release|Any CPU
		{97DCC3D2-C6D6-4D0A-B67A-E126A7FAF14B}.Release|iPhoneSimulator.Deploy.0 = Release|Any CPU
		{97DCC3D2-C6D6-4D0A-B67A-E126A7FAF14B}.Release|x64.ActiveCfg = Release|Any CPU
		{97DCC3D2-C6D6-4D0A-B67A-E126A7FAF14B}.Release|x64.Build.0 = Release|Any CPU
		{97DCC3D2-C6D6-4D0A-B67A-E126A7FAF14B}.Release|x64.Deploy.0 = Release|Any CPU
		{97DCC3D2-C6D6-4D0A-B67A-E126A7FAF14B}.Release|x86.ActiveCfg = Release|Any CPU
		{97DCC3D2-C6D6-4D0A-B67A-E126A7FAF14B}.Release|x86.Build.0 = Release|Any CPU
		{97DCC3D2-C6D6-4D0A-B67A-E126A7FAF14B}.Release|x86.Deploy.0 = Release|Any CPU
	EndGlobalSection
	GlobalSection(SolutionProperties) = preSolution
		HideSolutionNode = FALSE
	EndGlobalSection
	GlobalSection(NestedProjects) = preSolution
		{8657B9BF-9D8E-4D3A-A5B2-23E9C0161909} = {4FF9B02F-4870-4B6E-B075-BE1D0C3976A1}
		{6FBE798D-BB43-4BB5-9C61-D6DD5B0E623A} = {4CD22C16-BBD8-46FF-9203-EB493B2E04E9}
		{18125022-45E6-46EC-855C-B36E4D41484D} = {4FF9B02F-4870-4B6E-B075-BE1D0C3976A1}
		{4E28FCDE-60F6-45AE-B444-701D5F30BEFF} = {4FF9B02F-4870-4B6E-B075-BE1D0C3976A1}
		{33901013-B4A3-4182-9048-49F2CF940429} = {C5532034-562E-484C-A575-9F4E65BCC269}
		{C5532034-562E-484C-A575-9F4E65BCC269} = {4CD22C16-BBD8-46FF-9203-EB493B2E04E9}
		{371D4457-9946-40A6-AE2E-2DF8AA43A69B} = {4CD22C16-BBD8-46FF-9203-EB493B2E04E9}
		{5F02212C-95CB-42A3-850F-C076267BB5DC} = {4FF9B02F-4870-4B6E-B075-BE1D0C3976A1}
		{1F1EDFB9-8305-46AD-B427-DDD92A87969E} = {C5532034-562E-484C-A575-9F4E65BCC269}
		{E14AB0AB-031C-4A9F-8D41-F79BB54CDDE7} = {4FF9B02F-4870-4B6E-B075-BE1D0C3976A1}
		{E8626BE1-E233-4F4A-9084-673A987B9231} = {C5532034-562E-484C-A575-9F4E65BCC269}
		{EA72144A-ADE5-4990-AE8E-47EA05CB0B1F} = {371D4457-9946-40A6-AE2E-2DF8AA43A69B}
		{57F645D7-DBC4-432D-85BE-865900B02AEF} = {371D4457-9946-40A6-AE2E-2DF8AA43A69B}
		{28DC5F01-070C-4117-A46F-C4855430DB4A} = {371D4457-9946-40A6-AE2E-2DF8AA43A69B}
		{CC996DF4-E262-45B8-A450-D1E881FBE54D} = {C5532034-562E-484C-A575-9F4E65BCC269}
		{0D7728B7-C9A3-460F-8807-D0DEB34050A5} = {C5532034-562E-484C-A575-9F4E65BCC269}
		{3E90EA22-3416-460B-94CB-B81C785B8CBA} = {4FF9B02F-4870-4B6E-B075-BE1D0C3976A1}
		{DD27C0FC-C8C0-4F0D-8DED-3DAB258E78AC} = {4FF9B02F-4870-4B6E-B075-BE1D0C3976A1}
		{CD98BB95-237C-4BF7-9BF1-7DD7DFCFE8B1} = {C5532034-562E-484C-A575-9F4E65BCC269}
		{07439480-D535-4629-8A31-327AA6B6CC9E} = {4FF9B02F-4870-4B6E-B075-BE1D0C3976A1}
		{3A137C97-C6E9-419F-AFFB-72A22110681D} = {4FF9B02F-4870-4B6E-B075-BE1D0C3976A1}
		{1CFE38DC-56A6-4E54-A03C-D8C78677C353} = {4FF9B02F-4870-4B6E-B075-BE1D0C3976A1}
		{DC806E1B-B94F-4249-A163-5767E7DF4E1F} = {C5532034-562E-484C-A575-9F4E65BCC269}
		{6113043E-6DC3-4F3F-BD12-CFB4D3D911CD} = {4CD22C16-BBD8-46FF-9203-EB493B2E04E9}
		{6279C845-92F8-4333-AB99-3D213163593C} = {6113043E-6DC3-4F3F-BD12-CFB4D3D911CD}
		{2278323B-9B17-4BE4-A542-4BF61CE29FC3} = {6113043E-6DC3-4F3F-BD12-CFB4D3D911CD}
		{C5FA00BC-9C6A-4AD1-93CD-DB9336D33FF7} = {2278323B-9B17-4BE4-A542-4BF61CE29FC3}
		{839F8BB5-2C7F-48D8-B723-18C5443DB35A} = {2278323B-9B17-4BE4-A542-4BF61CE29FC3}
		{D1C8EF7E-9A71-4054-98C8-45B66494A049} = {2278323B-9B17-4BE4-A542-4BF61CE29FC3}
		{F262FF73-E804-4C4A-AFAD-56D507A67D38} = {4FF9B02F-4870-4B6E-B075-BE1D0C3976A1}
		{97DCC3D2-C6D6-4D0A-B67A-E126A7FAF14B} = {4CD22C16-BBD8-46FF-9203-EB493B2E04E9}
	EndGlobalSection
	GlobalSection(ExtensibilityGlobals) = postSolution
		SolutionGuid = {BCCD19D6-0567-4462-A494-5848BD95715F}
	EndGlobalSection
	GlobalSection(SharedMSBuildProjectFiles) = preSolution
		Microcharts.Samples.Uno\Microcharts.Samples.Uno.Shared\Microcharts.Samples.Uno.Shared.projitems*{6279c845-92f8-4333-ab99-3d213163593c}*SharedItemsImports = 13
		Microcharts.Samples.Uno\Microcharts.Samples.Uno.Shared\Microcharts.Samples.Uno.Shared.projitems*{839f8bb5-2c7f-48d8-b723-18c5443db35a}*SharedItemsImports = 5
		Microcharts.Samples.Uno\Microcharts.Samples.Uno.Shared\Microcharts.Samples.Uno.Shared.projitems*{c5fa00bc-9c6a-4ad1-93cd-db9336d33ff7}*SharedItemsImports = 5
		Microcharts.Samples.Uno\Microcharts.Samples.Uno.Shared\Microcharts.Samples.Uno.Shared.projitems*{d1c8ef7e-9a71-4054-98c8-45b66494a049}*SharedItemsImports = 5
	EndGlobalSection
EndGlobal
