
Microsoft Visual Studio Solution File, Format Version 12.00
# Visual Studio 2012
Project("{FAE04EC0-301F-11D3-BF4B-00C04F79EFBC}") = "Microcharts", "Microcharts\Microcharts.csproj", "{DE24E243-1C2C-4923-8B2E-53F7B2ABC814}"
EndProject
Project("{FAE04EC0-301F-11D3-BF4B-00C04F79EFBC}") = "Microcharts.iOS", "Microcharts.iOS\Microcharts.iOS.csproj", "{8657B9BF-9D8E-4D3A-A5B2-23E9C0161909}"
EndProject
Project("{2150E333-8FDC-42A3-9474-1A3956D46DE8}") = "Samples", "Samples", "{4CD22C16-BBD8-46FF-9203-EB493B2E04E9}"
EndProject
Project("{FAE04EC0-301F-11D3-BF4B-00C04F79EFBC}") = "Microcharts.Samples.iOS", "Microcharts.Samples.iOS\Microcharts.Samples.iOS.csproj", "{46424FAC-D076-48E8-A172-44040C1F8430}"
EndProject
Project("{FAE04EC0-301F-11D3-BF4B-00C04F79EFBC}") = "Microcharts.Samples", "Microcharts.Samples.iOS\Microcharts.Samples\Microcharts.Samples.csproj", "{6FBE798D-BB43-4BB5-9C61-D6DD5B0E623A}"
EndProject
Project("{FAE04EC0-301F-11D3-BF4B-00C04F79EFBC}") = "Microcharts.Droid", "Microcharts.Droid\Microcharts.Droid.csproj", "{18125022-45E6-46EC-855C-B36E4D41484D}"
EndProject
Project("{FAE04EC0-301F-11D3-BF4B-00C04F79EFBC}") = "Microcharts.Samples.Droid", "Microcharts.Samples.Droid\Microcharts.Samples.Droid.csproj", "{78CCA323-47D0-4A72-969A-9F86436C82C3}"
EndProject
Global
	GlobalSection(SolutionConfigurationPlatforms) = preSolution
		Debug|Any CPU = Debug|Any CPU
		Release|Any CPU = Release|Any CPU
		Debug|iPhoneSimulator = Debug|iPhoneSimulator
		Release|iPhone = Release|iPhone
		Release|iPhoneSimulator = Release|iPhoneSimulator
		Debug|iPhone = Debug|iPhone
	EndGlobalSection
	GlobalSection(ProjectConfigurationPlatforms) = postSolution
		{DE24E243-1C2C-4923-8B2E-53F7B2ABC814}.Debug|Any CPU.ActiveCfg = Debug|Any CPU
		{DE24E243-1C2C-4923-8B2E-53F7B2ABC814}.Debug|Any CPU.Build.0 = Debug|Any CPU
		{DE24E243-1C2C-4923-8B2E-53F7B2ABC814}.Release|Any CPU.ActiveCfg = Release|Any CPU
		{DE24E243-1C2C-4923-8B2E-53F7B2ABC814}.Release|Any CPU.Build.0 = Release|Any CPU
		{DE24E243-1C2C-4923-8B2E-53F7B2ABC814}.Debug|iPhoneSimulator.ActiveCfg = Debug|Any CPU
		{DE24E243-1C2C-4923-8B2E-53F7B2ABC814}.Debug|iPhoneSimulator.Build.0 = Debug|Any CPU
		{DE24E243-1C2C-4923-8B2E-53F7B2ABC814}.Release|iPhone.ActiveCfg = Release|Any CPU
		{DE24E243-1C2C-4923-8B2E-53F7B2ABC814}.Release|iPhone.Build.0 = Release|Any CPU
		{DE24E243-1C2C-4923-8B2E-53F7B2ABC814}.Release|iPhoneSimulator.ActiveCfg = Release|Any CPU
		{DE24E243-1C2C-4923-8B2E-53F7B2ABC814}.Release|iPhoneSimulator.Build.0 = Release|Any CPU
		{DE24E243-1C2C-4923-8B2E-53F7B2ABC814}.Debug|iPhone.ActiveCfg = Debug|Any CPU
		{DE24E243-1C2C-4923-8B2E-53F7B2ABC814}.Debug|iPhone.Build.0 = Debug|Any CPU
		{8657B9BF-9D8E-4D3A-A5B2-23E9C0161909}.Debug|Any CPU.ActiveCfg = Debug|Any CPU
		{8657B9BF-9D8E-4D3A-A5B2-23E9C0161909}.Debug|Any CPU.Build.0 = Debug|Any CPU
		{8657B9BF-9D8E-4D3A-A5B2-23E9C0161909}.Release|Any CPU.ActiveCfg = Release|Any CPU
		{8657B9BF-9D8E-4D3A-A5B2-23E9C0161909}.Release|Any CPU.Build.0 = Release|Any CPU
		{8657B9BF-9D8E-4D3A-A5B2-23E9C0161909}.Debug|iPhoneSimulator.ActiveCfg = Debug|Any CPU
		{8657B9BF-9D8E-4D3A-A5B2-23E9C0161909}.Debug|iPhoneSimulator.Build.0 = Debug|Any CPU
		{8657B9BF-9D8E-4D3A-A5B2-23E9C0161909}.Release|iPhone.ActiveCfg = Release|Any CPU
		{8657B9BF-9D8E-4D3A-A5B2-23E9C0161909}.Release|iPhone.Build.0 = Release|Any CPU
		{8657B9BF-9D8E-4D3A-A5B2-23E9C0161909}.Release|iPhoneSimulator.ActiveCfg = Release|Any CPU
		{8657B9BF-9D8E-4D3A-A5B2-23E9C0161909}.Release|iPhoneSimulator.Build.0 = Release|Any CPU
		{8657B9BF-9D8E-4D3A-A5B2-23E9C0161909}.Debug|iPhone.ActiveCfg = Debug|Any CPU
		{8657B9BF-9D8E-4D3A-A5B2-23E9C0161909}.Debug|iPhone.Build.0 = Debug|Any CPU
		{46424FAC-D076-48E8-A172-44040C1F8430}.Debug|Any CPU.ActiveCfg = Debug|iPhoneSimulator
		{46424FAC-D076-48E8-A172-44040C1F8430}.Debug|Any CPU.Build.0 = Debug|iPhoneSimulator
		{46424FAC-D076-48E8-A172-44040C1F8430}.Release|Any CPU.ActiveCfg = Release|iPhone
		{46424FAC-D076-48E8-A172-44040C1F8430}.Debug|iPhoneSimulator.ActiveCfg = Debug|iPhoneSimulator
		{46424FAC-D076-48E8-A172-44040C1F8430}.Debug|iPhoneSimulator.Build.0 = Debug|iPhoneSimulator
		{46424FAC-D076-48E8-A172-44040C1F8430}.Release|iPhone.ActiveCfg = Release|iPhone
		{46424FAC-D076-48E8-A172-44040C1F8430}.Release|iPhone.Build.0 = Release|iPhone
		{46424FAC-D076-48E8-A172-44040C1F8430}.Release|iPhoneSimulator.ActiveCfg = Release|iPhoneSimulator
		{46424FAC-D076-48E8-A172-44040C1F8430}.Release|iPhoneSimulator.Build.0 = Release|iPhoneSimulator
		{46424FAC-D076-48E8-A172-44040C1F8430}.Debug|iPhone.ActiveCfg = Debug|iPhone
		{46424FAC-D076-48E8-A172-44040C1F8430}.Debug|iPhone.Build.0 = Debug|iPhone
		{6FBE798D-BB43-4BB5-9C61-D6DD5B0E623A}.Debug|Any CPU.ActiveCfg = Debug|Any CPU
		{6FBE798D-BB43-4BB5-9C61-D6DD5B0E623A}.Debug|Any CPU.Build.0 = Debug|Any CPU
		{6FBE798D-BB43-4BB5-9C61-D6DD5B0E623A}.Release|Any CPU.ActiveCfg = Release|Any CPU
		{6FBE798D-BB43-4BB5-9C61-D6DD5B0E623A}.Debug|iPhoneSimulator.ActiveCfg = Debug|Any CPU
		{6FBE798D-BB43-4BB5-9C61-D6DD5B0E623A}.Debug|iPhoneSimulator.Build.0 = Debug|Any CPU
		{6FBE798D-BB43-4BB5-9C61-D6DD5B0E623A}.Release|iPhone.ActiveCfg = Release|Any CPU
		{6FBE798D-BB43-4BB5-9C61-D6DD5B0E623A}.Release|iPhone.Build.0 = Release|Any CPU
		{6FBE798D-BB43-4BB5-9C61-D6DD5B0E623A}.Release|iPhoneSimulator.ActiveCfg = Release|Any CPU
		{6FBE798D-BB43-4BB5-9C61-D6DD5B0E623A}.Release|iPhoneSimulator.Build.0 = Release|Any CPU
		{6FBE798D-BB43-4BB5-9C61-D6DD5B0E623A}.Debug|iPhone.ActiveCfg = Debug|Any CPU
		{6FBE798D-BB43-4BB5-9C61-D6DD5B0E623A}.Debug|iPhone.Build.0 = Debug|Any CPU
		{18125022-45E6-46EC-855C-B36E4D41484D}.Debug|Any CPU.ActiveCfg = Debug|Any CPU
		{18125022-45E6-46EC-855C-B36E4D41484D}.Debug|Any CPU.Build.0 = Debug|Any CPU
		{18125022-45E6-46EC-855C-B36E4D41484D}.Release|Any CPU.ActiveCfg = Release|Any CPU
		{18125022-45E6-46EC-855C-B36E4D41484D}.Release|Any CPU.Build.0 = Release|Any CPU
		{18125022-45E6-46EC-855C-B36E4D41484D}.Debug|iPhoneSimulator.ActiveCfg = Debug|Any CPU
		{18125022-45E6-46EC-855C-B36E4D41484D}.Debug|iPhoneSimulator.Build.0 = Debug|Any CPU
		{18125022-45E6-46EC-855C-B36E4D41484D}.Release|iPhone.ActiveCfg = Release|Any CPU
		{18125022-45E6-46EC-855C-B36E4D41484D}.Release|iPhone.Build.0 = Release|Any CPU
		{18125022-45E6-46EC-855C-B36E4D41484D}.Release|iPhoneSimulator.ActiveCfg = Release|Any CPU
		{18125022-45E6-46EC-855C-B36E4D41484D}.Release|iPhoneSimulator.Build.0 = Release|Any CPU
		{18125022-45E6-46EC-855C-B36E4D41484D}.Debug|iPhone.ActiveCfg = Debug|Any CPU
		{18125022-45E6-46EC-855C-B36E4D41484D}.Debug|iPhone.Build.0 = Debug|Any CPU
		{78CCA323-47D0-4A72-969A-9F86436C82C3}.Debug|Any CPU.ActiveCfg = Debug|Any CPU
		{78CCA323-47D0-4A72-969A-9F86436C82C3}.Debug|Any CPU.Build.0 = Debug|Any CPU
		{78CCA323-47D0-4A72-969A-9F86436C82C3}.Release|Any CPU.ActiveCfg = Release|Any CPU
		{78CCA323-47D0-4A72-969A-9F86436C82C3}.Debug|iPhoneSimulator.ActiveCfg = Debug|Any CPU
		{78CCA323-47D0-4A72-969A-9F86436C82C3}.Debug|iPhoneSimulator.Build.0 = Debug|Any CPU
		{78CCA323-47D0-4A72-969A-9F86436C82C3}.Release|iPhone.ActiveCfg = Release|Any CPU
		{78CCA323-47D0-4A72-969A-9F86436C82C3}.Release|iPhone.Build.0 = Release|Any CPU
		{78CCA323-47D0-4A72-969A-9F86436C82C3}.Release|iPhoneSimulator.ActiveCfg = Release|Any CPU
		{78CCA323-47D0-4A72-969A-9F86436C82C3}.Release|iPhoneSimulator.Build.0 = Release|Any CPU
		{78CCA323-47D0-4A72-969A-9F86436C82C3}.Debug|iPhone.ActiveCfg = Debug|Any CPU
		{78CCA323-47D0-4A72-969A-9F86436C82C3}.Debug|iPhone.Build.0 = Debug|Any CPU
	EndGlobalSection
	GlobalSection(NestedProjects) = preSolution
		{46424FAC-D076-48E8-A172-44040C1F8430} = {4CD22C16-BBD8-46FF-9203-EB493B2E04E9}
		{6FBE798D-BB43-4BB5-9C61-D6DD5B0E623A} = {4CD22C16-BBD8-46FF-9203-EB493B2E04E9}
		{78CCA323-47D0-4A72-969A-9F86436C82C3} = {4CD22C16-BBD8-46FF-9203-EB493B2E04E9}
	EndGlobalSection
EndGlobal
