Microsoft Visual Studio Solution File, Format Version 12.00
# Visual Studio 15
VisualStudioVersion = 15.0.26430.16
MinimumVisualStudioVersion = 10.0.40219.1
Project("{FAE04EC0-301F-11D3-BF4B-00C04F79EFBC}") = "Microcharts", "Microcharts\Microcharts.csproj", "{DE24E243-1C2C-4923-8B2E-53F7B2ABC814}"
EndProject
Project("{FAE04EC0-301F-11D3-BF4B-00C04F79EFBC}") = "Microcharts.iOS", "Microcharts.iOS\Microcharts.iOS.csproj", "{8657B9BF-9D8E-4D3A-A5B2-23E9C0161909}"
EndProject
Project("{2150E333-8FDC-42A3-9474-1A3956D46DE8}") = "Samples", "Samples", "{4CD22C16-BBD8-46FF-9203-EB493B2E04E9}"
EndProject
Project("{FAE04EC0-301F-11D3-BF4B-00C04F79EFBC}") = "Microcharts.Samples.iOS", "Microcharts.Samples.iOS\Microcharts.Samples.iOS.csproj", "{46424FAC-D076-48E8-A172-44040C1F8430}"
EndProject
Project("{FAE04EC0-301F-11D3-BF4B-00C04F79EFBC}") = "Microcharts.Samples", "Microcharts.Samples.iOS\Microcharts.Samples\Microcharts.Samples.csproj", "{6FBE798D-BB43-4BB5-9C61-D6DD5B0E623A}"
EndProject
Project("{FAE04EC0-301F-11D3-BF4B-00C04F79EFBC}") = "Microcharts.Droid", "Microcharts.Droid\Microcharts.Droid.csproj", "{18125022-45E6-46EC-855C-B36E4D41484D}"
EndProject
Project("{FAE04EC0-301F-11D3-BF4B-00C04F79EFBC}") = "Microcharts.Samples.Droid", "Microcharts.Samples.Droid\Microcharts.Samples.Droid.csproj", "{78CCA323-47D0-4A72-969A-9F86436C82C3}"
EndProject
Project("{FAE04EC0-301F-11D3-BF4B-00C04F79EFBC}") = "Microcharts.Uwp", "Microcharts.Uwp\Microcharts.Uwp.csproj", "{4E28FCDE-60F6-45AE-B444-701D5F30BEFF}"
EndProject
Project("{FAE04EC0-301F-11D3-BF4B-00C04F79EFBC}") = "Microcharts.Samples.Uwp", "Microcharts.Samples.Uwp\Microcharts.Samples.Uwp.csproj", "{33901013-B4A3-4182-9048-49F2CF940429}"
EndProject
Project("{D954291E-2A0B-460D-934E-DC6B0785DB48}") = "Microcharts.Shared", "Microcharts.Shared\Microcharts.Shared.shproj", "{4E5D46BE-E41E-45AD-AD1A-BC3A957DAB1F}"
EndProject
Project("{D954291E-2A0B-460D-934E-DC6B0785DB48}") = "Microcharts.Samples.Shared", "Microcharts.Samples.Shared\Microcharts.Samples.Shared.shproj", "{DA734F09-7837-4FC6-AD25-3BB54D73D5CF}"
EndProject
Project("{FAE04EC0-301F-11D3-BF4B-00C04F79EFBC}") = "Microcharts.Portable", "Microcharts.Portable\Microcharts.Portable.csproj", "{8E7486CB-D239-45B0-B6CB-C09DBE1E6798}"
EndProject
Project("{FAE04EC0-301F-11D3-BF4B-00C04F79EFBC}") = "Microcharts.Portable.Forms", "Microcharts.Portable.Forms\Microcharts.Portable.Forms.csproj", "{67A3CFA1-0B19-4DEE-90D7-7EAC598D361E}"
EndProject
Global
	GlobalSection(SharedMSBuildProjectFiles) = preSolution
		Microcharts.Samples.Shared\Microcharts.Samples.Shared.projitems*{33901013-b4a3-4182-9048-49f2cf940429}*SharedItemsImports = 4
		Microcharts.Shared\Microcharts.Shared.projitems*{4e28fcde-60f6-45ae-b444-701d5f30beff}*SharedItemsImports = 4
		Microcharts.Shared\Microcharts.Shared.projitems*{4e5d46be-e41e-45ad-ad1a-bc3a957dab1f}*SharedItemsImports = 13
		Microcharts.Samples.Shared\Microcharts.Samples.Shared.projitems*{da734f09-7837-4fc6-ad25-3bb54d73d5cf}*SharedItemsImports = 13
	EndGlobalSection
	GlobalSection(SolutionConfigurationPlatforms) = preSolution
		Debug|Any CPU = Debug|Any CPU
		Debug|ARM = Debug|ARM
		Debug|iPhone = Debug|iPhone
		Debug|iPhoneSimulator = Debug|iPhoneSimulator
		Debug|x64 = Debug|x64
		Debug|x86 = Debug|x86
		Release|Any CPU = Release|Any CPU
		Release|ARM = Release|ARM
		Release|iPhone = Release|iPhone
		Release|iPhoneSimulator = Release|iPhoneSimulator
		Release|x64 = Release|x64
		Release|x86 = Release|x86
	EndGlobalSection
	GlobalSection(ProjectConfigurationPlatforms) = postSolution
		{DE24E243-1C2C-4923-8B2E-53F7B2ABC814}.Debug|Any CPU.ActiveCfg = Debug|Any CPU
		{DE24E243-1C2C-4923-8B2E-53F7B2ABC814}.Debug|Any CPU.Build.0 = Debug|Any CPU
		{DE24E243-1C2C-4923-8B2E-53F7B2ABC814}.Debug|ARM.ActiveCfg = Debug|Any CPU
		{DE24E243-1C2C-4923-8B2E-53F7B2ABC814}.Debug|ARM.Build.0 = Debug|Any CPU
		{DE24E243-1C2C-4923-8B2E-53F7B2ABC814}.Debug|iPhone.ActiveCfg = Debug|Any CPU
		{DE24E243-1C2C-4923-8B2E-53F7B2ABC814}.Debug|iPhone.Build.0 = Debug|Any CPU
		{DE24E243-1C2C-4923-8B2E-53F7B2ABC814}.Debug|iPhoneSimulator.ActiveCfg = Debug|Any CPU
		{DE24E243-1C2C-4923-8B2E-53F7B2ABC814}.Debug|iPhoneSimulator.Build.0 = Debug|Any CPU
		{DE24E243-1C2C-4923-8B2E-53F7B2ABC814}.Debug|x64.ActiveCfg = Debug|Any CPU
		{DE24E243-1C2C-4923-8B2E-53F7B2ABC814}.Debug|x64.Build.0 = Debug|Any CPU
		{DE24E243-1C2C-4923-8B2E-53F7B2ABC814}.Debug|x86.ActiveCfg = Debug|Any CPU
		{DE24E243-1C2C-4923-8B2E-53F7B2ABC814}.Debug|x86.Build.0 = Debug|Any CPU
		{DE24E243-1C2C-4923-8B2E-53F7B2ABC814}.Release|Any CPU.ActiveCfg = Release|Any CPU
		{DE24E243-1C2C-4923-8B2E-53F7B2ABC814}.Release|Any CPU.Build.0 = Release|Any CPU
		{DE24E243-1C2C-4923-8B2E-53F7B2ABC814}.Release|ARM.ActiveCfg = Release|Any CPU
		{DE24E243-1C2C-4923-8B2E-53F7B2ABC814}.Release|ARM.Build.0 = Release|Any CPU
		{DE24E243-1C2C-4923-8B2E-53F7B2ABC814}.Release|iPhone.ActiveCfg = Release|Any CPU
		{DE24E243-1C2C-4923-8B2E-53F7B2ABC814}.Release|iPhone.Build.0 = Release|Any CPU
		{DE24E243-1C2C-4923-8B2E-53F7B2ABC814}.Release|iPhoneSimulator.ActiveCfg = Release|Any CPU
		{DE24E243-1C2C-4923-8B2E-53F7B2ABC814}.Release|iPhoneSimulator.Build.0 = Release|Any CPU
		{DE24E243-1C2C-4923-8B2E-53F7B2ABC814}.Release|x64.ActiveCfg = Release|Any CPU
		{DE24E243-1C2C-4923-8B2E-53F7B2ABC814}.Release|x64.Build.0 = Release|Any CPU
		{DE24E243-1C2C-4923-8B2E-53F7B2ABC814}.Release|x86.ActiveCfg = Release|Any CPU
		{DE24E243-1C2C-4923-8B2E-53F7B2ABC814}.Release|x86.Build.0 = Release|Any CPU
		{8657B9BF-9D8E-4D3A-A5B2-23E9C0161909}.Debug|Any CPU.ActiveCfg = Debug|Any CPU
		{8657B9BF-9D8E-4D3A-A5B2-23E9C0161909}.Debug|Any CPU.Build.0 = Debug|Any CPU
		{8657B9BF-9D8E-4D3A-A5B2-23E9C0161909}.Debug|ARM.ActiveCfg = Debug|Any CPU
		{8657B9BF-9D8E-4D3A-A5B2-23E9C0161909}.Debug|ARM.Build.0 = Debug|Any CPU
		{8657B9BF-9D8E-4D3A-A5B2-23E9C0161909}.Debug|iPhone.ActiveCfg = Debug|Any CPU
		{8657B9BF-9D8E-4D3A-A5B2-23E9C0161909}.Debug|iPhone.Build.0 = Debug|Any CPU
		{8657B9BF-9D8E-4D3A-A5B2-23E9C0161909}.Debug|iPhoneSimulator.ActiveCfg = Debug|Any CPU
		{8657B9BF-9D8E-4D3A-A5B2-23E9C0161909}.Debug|iPhoneSimulator.Build.0 = Debug|Any CPU
		{8657B9BF-9D8E-4D3A-A5B2-23E9C0161909}.Debug|x64.ActiveCfg = Debug|Any CPU
		{8657B9BF-9D8E-4D3A-A5B2-23E9C0161909}.Debug|x64.Build.0 = Debug|Any CPU
		{8657B9BF-9D8E-4D3A-A5B2-23E9C0161909}.Debug|x86.ActiveCfg = Debug|Any CPU
		{8657B9BF-9D8E-4D3A-A5B2-23E9C0161909}.Debug|x86.Build.0 = Debug|Any CPU
		{8657B9BF-9D8E-4D3A-A5B2-23E9C0161909}.Release|Any CPU.ActiveCfg = Release|Any CPU
		{8657B9BF-9D8E-4D3A-A5B2-23E9C0161909}.Release|Any CPU.Build.0 = Release|Any CPU
		{8657B9BF-9D8E-4D3A-A5B2-23E9C0161909}.Release|ARM.ActiveCfg = Release|Any CPU
		{8657B9BF-9D8E-4D3A-A5B2-23E9C0161909}.Release|ARM.Build.0 = Release|Any CPU
		{8657B9BF-9D8E-4D3A-A5B2-23E9C0161909}.Release|iPhone.ActiveCfg = Release|Any CPU
		{8657B9BF-9D8E-4D3A-A5B2-23E9C0161909}.Release|iPhone.Build.0 = Release|Any CPU
		{8657B9BF-9D8E-4D3A-A5B2-23E9C0161909}.Release|iPhoneSimulator.ActiveCfg = Release|Any CPU
		{8657B9BF-9D8E-4D3A-A5B2-23E9C0161909}.Release|iPhoneSimulator.Build.0 = Release|Any CPU
		{8657B9BF-9D8E-4D3A-A5B2-23E9C0161909}.Release|x64.ActiveCfg = Release|Any CPU
		{8657B9BF-9D8E-4D3A-A5B2-23E9C0161909}.Release|x64.Build.0 = Release|Any CPU
		{8657B9BF-9D8E-4D3A-A5B2-23E9C0161909}.Release|x86.ActiveCfg = Release|Any CPU
		{8657B9BF-9D8E-4D3A-A5B2-23E9C0161909}.Release|x86.Build.0 = Release|Any CPU
		{46424FAC-D076-48E8-A172-44040C1F8430}.Debug|Any CPU.ActiveCfg = Debug|iPhoneSimulator
		{46424FAC-D076-48E8-A172-44040C1F8430}.Debug|Any CPU.Build.0 = Debug|iPhoneSimulator
		{46424FAC-D076-48E8-A172-44040C1F8430}.Debug|ARM.ActiveCfg = Debug|iPhone
		{46424FAC-D076-48E8-A172-44040C1F8430}.Debug|iPhone.ActiveCfg = Debug|iPhone
		{46424FAC-D076-48E8-A172-44040C1F8430}.Debug|iPhone.Build.0 = Debug|iPhone
		{46424FAC-D076-48E8-A172-44040C1F8430}.Debug|iPhoneSimulator.ActiveCfg = Debug|iPhoneSimulator
		{46424FAC-D076-48E8-A172-44040C1F8430}.Debug|iPhoneSimulator.Build.0 = Debug|iPhoneSimulator
		{46424FAC-D076-48E8-A172-44040C1F8430}.Debug|x64.ActiveCfg = Debug|iPhone
		{46424FAC-D076-48E8-A172-44040C1F8430}.Debug|x86.ActiveCfg = Debug|iPhone
		{46424FAC-D076-48E8-A172-44040C1F8430}.Release|Any CPU.ActiveCfg = Release|iPhone
		{46424FAC-D076-48E8-A172-44040C1F8430}.Release|ARM.ActiveCfg = Release|iPhoneSimulator
		{46424FAC-D076-48E8-A172-44040C1F8430}.Release|iPhone.ActiveCfg = Release|iPhone
		{46424FAC-D076-48E8-A172-44040C1F8430}.Release|iPhone.Build.0 = Release|iPhone
		{46424FAC-D076-48E8-A172-44040C1F8430}.Release|iPhoneSimulator.ActiveCfg = Release|iPhoneSimulator
		{46424FAC-D076-48E8-A172-44040C1F8430}.Release|iPhoneSimulator.Build.0 = Release|iPhoneSimulator
		{46424FAC-D076-48E8-A172-44040C1F8430}.Release|x64.ActiveCfg = Release|iPhoneSimulator
		{46424FAC-D076-48E8-A172-44040C1F8430}.Release|x86.ActiveCfg = Release|iPhoneSimulator
		{6FBE798D-BB43-4BB5-9C61-D6DD5B0E623A}.Debug|Any CPU.ActiveCfg = Debug|Any CPU
		{6FBE798D-BB43-4BB5-9C61-D6DD5B0E623A}.Debug|Any CPU.Build.0 = Debug|Any CPU
		{6FBE798D-BB43-4BB5-9C61-D6DD5B0E623A}.Debug|ARM.ActiveCfg = Debug|Any CPU
		{6FBE798D-BB43-4BB5-9C61-D6DD5B0E623A}.Debug|ARM.Build.0 = Debug|Any CPU
		{6FBE798D-BB43-4BB5-9C61-D6DD5B0E623A}.Debug|iPhone.ActiveCfg = Debug|Any CPU
		{6FBE798D-BB43-4BB5-9C61-D6DD5B0E623A}.Debug|iPhone.Build.0 = Debug|Any CPU
		{6FBE798D-BB43-4BB5-9C61-D6DD5B0E623A}.Debug|iPhoneSimulator.ActiveCfg = Debug|Any CPU
		{6FBE798D-BB43-4BB5-9C61-D6DD5B0E623A}.Debug|iPhoneSimulator.Build.0 = Debug|Any CPU
		{6FBE798D-BB43-4BB5-9C61-D6DD5B0E623A}.Debug|x64.ActiveCfg = Debug|Any CPU
		{6FBE798D-BB43-4BB5-9C61-D6DD5B0E623A}.Debug|x64.Build.0 = Debug|Any CPU
		{6FBE798D-BB43-4BB5-9C61-D6DD5B0E623A}.Debug|x86.ActiveCfg = Debug|Any CPU
		{6FBE798D-BB43-4BB5-9C61-D6DD5B0E623A}.Debug|x86.Build.0 = Debug|Any CPU
		{6FBE798D-BB43-4BB5-9C61-D6DD5B0E623A}.Release|Any CPU.ActiveCfg = Release|Any CPU
		{6FBE798D-BB43-4BB5-9C61-D6DD5B0E623A}.Release|ARM.ActiveCfg = Release|Any CPU
		{6FBE798D-BB43-4BB5-9C61-D6DD5B0E623A}.Release|ARM.Build.0 = Release|Any CPU
		{6FBE798D-BB43-4BB5-9C61-D6DD5B0E623A}.Release|iPhone.ActiveCfg = Release|Any CPU
		{6FBE798D-BB43-4BB5-9C61-D6DD5B0E623A}.Release|iPhone.Build.0 = Release|Any CPU
		{6FBE798D-BB43-4BB5-9C61-D6DD5B0E623A}.Release|iPhoneSimulator.ActiveCfg = Release|Any CPU
		{6FBE798D-BB43-4BB5-9C61-D6DD5B0E623A}.Release|iPhoneSimulator.Build.0 = Release|Any CPU
		{6FBE798D-BB43-4BB5-9C61-D6DD5B0E623A}.Release|x64.ActiveCfg = Release|Any CPU
		{6FBE798D-BB43-4BB5-9C61-D6DD5B0E623A}.Release|x64.Build.0 = Release|Any CPU
		{6FBE798D-BB43-4BB5-9C61-D6DD5B0E623A}.Release|x86.ActiveCfg = Release|Any CPU
		{6FBE798D-BB43-4BB5-9C61-D6DD5B0E623A}.Release|x86.Build.0 = Release|Any CPU
		{18125022-45E6-46EC-855C-B36E4D41484D}.Debug|Any CPU.ActiveCfg = Debug|Any CPU
		{18125022-45E6-46EC-855C-B36E4D41484D}.Debug|Any CPU.Build.0 = Debug|Any CPU
		{18125022-45E6-46EC-855C-B36E4D41484D}.Debug|ARM.ActiveCfg = Debug|Any CPU
		{18125022-45E6-46EC-855C-B36E4D41484D}.Debug|ARM.Build.0 = Debug|Any CPU
		{18125022-45E6-46EC-855C-B36E4D41484D}.Debug|iPhone.ActiveCfg = Debug|Any CPU
		{18125022-45E6-46EC-855C-B36E4D41484D}.Debug|iPhone.Build.0 = Debug|Any CPU
		{18125022-45E6-46EC-855C-B36E4D41484D}.Debug|iPhoneSimulator.ActiveCfg = Debug|Any CPU
		{18125022-45E6-46EC-855C-B36E4D41484D}.Debug|iPhoneSimulator.Build.0 = Debug|Any CPU
		{18125022-45E6-46EC-855C-B36E4D41484D}.Debug|x64.ActiveCfg = Debug|Any CPU
		{18125022-45E6-46EC-855C-B36E4D41484D}.Debug|x64.Build.0 = Debug|Any CPU
		{18125022-45E6-46EC-855C-B36E4D41484D}.Debug|x86.ActiveCfg = Debug|Any CPU
		{18125022-45E6-46EC-855C-B36E4D41484D}.Debug|x86.Build.0 = Debug|Any CPU
		{18125022-45E6-46EC-855C-B36E4D41484D}.Release|Any CPU.ActiveCfg = Release|Any CPU
		{18125022-45E6-46EC-855C-B36E4D41484D}.Release|Any CPU.Build.0 = Release|Any CPU
		{18125022-45E6-46EC-855C-B36E4D41484D}.Release|ARM.ActiveCfg = Release|Any CPU
		{18125022-45E6-46EC-855C-B36E4D41484D}.Release|ARM.Build.0 = Release|Any CPU
		{18125022-45E6-46EC-855C-B36E4D41484D}.Release|iPhone.ActiveCfg = Release|Any CPU
		{18125022-45E6-46EC-855C-B36E4D41484D}.Release|iPhone.Build.0 = Release|Any CPU
		{18125022-45E6-46EC-855C-B36E4D41484D}.Release|iPhoneSimulator.ActiveCfg = Release|Any CPU
		{18125022-45E6-46EC-855C-B36E4D41484D}.Release|iPhoneSimulator.Build.0 = Release|Any CPU
		{18125022-45E6-46EC-855C-B36E4D41484D}.Release|x64.ActiveCfg = Release|Any CPU
		{18125022-45E6-46EC-855C-B36E4D41484D}.Release|x64.Build.0 = Release|Any CPU
		{18125022-45E6-46EC-855C-B36E4D41484D}.Release|x86.ActiveCfg = Release|Any CPU
		{18125022-45E6-46EC-855C-B36E4D41484D}.Release|x86.Build.0 = Release|Any CPU
		{78CCA323-47D0-4A72-969A-9F86436C82C3}.Debug|Any CPU.ActiveCfg = Debug|Any CPU
		{78CCA323-47D0-4A72-969A-9F86436C82C3}.Debug|Any CPU.Build.0 = Debug|Any CPU
		{78CCA323-47D0-4A72-969A-9F86436C82C3}.Debug|ARM.ActiveCfg = Debug|Any CPU
		{78CCA323-47D0-4A72-969A-9F86436C82C3}.Debug|ARM.Build.0 = Debug|Any CPU
		{78CCA323-47D0-4A72-969A-9F86436C82C3}.Debug|ARM.Deploy.0 = Debug|Any CPU
		{78CCA323-47D0-4A72-969A-9F86436C82C3}.Debug|iPhone.ActiveCfg = Debug|Any CPU
		{78CCA323-47D0-4A72-969A-9F86436C82C3}.Debug|iPhone.Build.0 = Debug|Any CPU
		{78CCA323-47D0-4A72-969A-9F86436C82C3}.Debug|iPhoneSimulator.ActiveCfg = Debug|Any CPU
		{78CCA323-47D0-4A72-969A-9F86436C82C3}.Debug|iPhoneSimulator.Build.0 = Debug|Any CPU
		{78CCA323-47D0-4A72-969A-9F86436C82C3}.Debug|x64.ActiveCfg = Debug|Any CPU
		{78CCA323-47D0-4A72-969A-9F86436C82C3}.Debug|x64.Build.0 = Debug|Any CPU
		{78CCA323-47D0-4A72-969A-9F86436C82C3}.Debug|x64.Deploy.0 = Debug|Any CPU
		{78CCA323-47D0-4A72-969A-9F86436C82C3}.Debug|x86.ActiveCfg = Debug|Any CPU
		{78CCA323-47D0-4A72-969A-9F86436C82C3}.Debug|x86.Build.0 = Debug|Any CPU
		{78CCA323-47D0-4A72-969A-9F86436C82C3}.Debug|x86.Deploy.0 = Debug|Any CPU
		{78CCA323-47D0-4A72-969A-9F86436C82C3}.Release|Any CPU.ActiveCfg = Release|Any CPU
		{78CCA323-47D0-4A72-969A-9F86436C82C3}.Release|ARM.ActiveCfg = Release|Any CPU
		{78CCA323-47D0-4A72-969A-9F86436C82C3}.Release|ARM.Build.0 = Release|Any CPU
		{78CCA323-47D0-4A72-969A-9F86436C82C3}.Release|ARM.Deploy.0 = Release|Any CPU
		{78CCA323-47D0-4A72-969A-9F86436C82C3}.Release|iPhone.ActiveCfg = Release|Any CPU
		{78CCA323-47D0-4A72-969A-9F86436C82C3}.Release|iPhone.Build.0 = Release|Any CPU
		{78CCA323-47D0-4A72-969A-9F86436C82C3}.Release|iPhoneSimulator.ActiveCfg = Release|Any CPU
		{78CCA323-47D0-4A72-969A-9F86436C82C3}.Release|iPhoneSimulator.Build.0 = Release|Any CPU
		{78CCA323-47D0-4A72-969A-9F86436C82C3}.Release|x64.ActiveCfg = Release|Any CPU
		{78CCA323-47D0-4A72-969A-9F86436C82C3}.Release|x64.Build.0 = Release|Any CPU
		{78CCA323-47D0-4A72-969A-9F86436C82C3}.Release|x64.Deploy.0 = Release|Any CPU
		{78CCA323-47D0-4A72-969A-9F86436C82C3}.Release|x86.ActiveCfg = Release|Any CPU
		{78CCA323-47D0-4A72-969A-9F86436C82C3}.Release|x86.Build.0 = Release|Any CPU
		{78CCA323-47D0-4A72-969A-9F86436C82C3}.Release|x86.Deploy.0 = Release|Any CPU
		{4E28FCDE-60F6-45AE-B444-701D5F30BEFF}.Debug|Any CPU.ActiveCfg = Debug|Any CPU
		{4E28FCDE-60F6-45AE-B444-701D5F30BEFF}.Debug|Any CPU.Build.0 = Debug|Any CPU
		{4E28FCDE-60F6-45AE-B444-701D5F30BEFF}.Debug|ARM.ActiveCfg = Debug|ARM
		{4E28FCDE-60F6-45AE-B444-701D5F30BEFF}.Debug|ARM.Build.0 = Debug|ARM
		{4E28FCDE-60F6-45AE-B444-701D5F30BEFF}.Debug|iPhone.ActiveCfg = Debug|Any CPU
		{4E28FCDE-60F6-45AE-B444-701D5F30BEFF}.Debug|iPhone.Build.0 = Debug|Any CPU
		{4E28FCDE-60F6-45AE-B444-701D5F30BEFF}.Debug|iPhoneSimulator.ActiveCfg = Debug|Any CPU
		{4E28FCDE-60F6-45AE-B444-701D5F30BEFF}.Debug|iPhoneSimulator.Build.0 = Debug|Any CPU
		{4E28FCDE-60F6-45AE-B444-701D5F30BEFF}.Debug|x64.ActiveCfg = Debug|x64
		{4E28FCDE-60F6-45AE-B444-701D5F30BEFF}.Debug|x64.Build.0 = Debug|x64
		{4E28FCDE-60F6-45AE-B444-701D5F30BEFF}.Debug|x86.ActiveCfg = Debug|x86
		{4E28FCDE-60F6-45AE-B444-701D5F30BEFF}.Debug|x86.Build.0 = Debug|x86
		{4E28FCDE-60F6-45AE-B444-701D5F30BEFF}.Release|Any CPU.ActiveCfg = Release|Any CPU
		{4E28FCDE-60F6-45AE-B444-701D5F30BEFF}.Release|Any CPU.Build.0 = Release|Any CPU
		{4E28FCDE-60F6-45AE-B444-701D5F30BEFF}.Release|ARM.ActiveCfg = Release|ARM
		{4E28FCDE-60F6-45AE-B444-701D5F30BEFF}.Release|ARM.Build.0 = Release|ARM
		{4E28FCDE-60F6-45AE-B444-701D5F30BEFF}.Release|iPhone.ActiveCfg = Release|Any CPU
		{4E28FCDE-60F6-45AE-B444-701D5F30BEFF}.Release|iPhone.Build.0 = Release|Any CPU
		{4E28FCDE-60F6-45AE-B444-701D5F30BEFF}.Release|iPhoneSimulator.ActiveCfg = Release|Any CPU
		{4E28FCDE-60F6-45AE-B444-701D5F30BEFF}.Release|iPhoneSimulator.Build.0 = Release|Any CPU
		{4E28FCDE-60F6-45AE-B444-701D5F30BEFF}.Release|x64.ActiveCfg = Release|x64
		{4E28FCDE-60F6-45AE-B444-701D5F30BEFF}.Release|x64.Build.0 = Release|x64
		{4E28FCDE-60F6-45AE-B444-701D5F30BEFF}.Release|x86.ActiveCfg = Release|x86
		{4E28FCDE-60F6-45AE-B444-701D5F30BEFF}.Release|x86.Build.0 = Release|x86
		{33901013-B4A3-4182-9048-49F2CF940429}.Debug|Any CPU.ActiveCfg = Debug|x86
		{33901013-B4A3-4182-9048-49F2CF940429}.Debug|Any CPU.Build.0 = Debug|x86
		{33901013-B4A3-4182-9048-49F2CF940429}.Debug|Any CPU.Deploy.0 = Debug|x86
		{33901013-B4A3-4182-9048-49F2CF940429}.Debug|ARM.ActiveCfg = Debug|ARM
		{33901013-B4A3-4182-9048-49F2CF940429}.Debug|ARM.Build.0 = Debug|ARM
		{33901013-B4A3-4182-9048-49F2CF940429}.Debug|ARM.Deploy.0 = Debug|ARM
		{33901013-B4A3-4182-9048-49F2CF940429}.Debug|iPhone.ActiveCfg = Debug|x86
		{33901013-B4A3-4182-9048-49F2CF940429}.Debug|iPhoneSimulator.ActiveCfg = Debug|x86
		{33901013-B4A3-4182-9048-49F2CF940429}.Debug|x64.ActiveCfg = Debug|x64
		{33901013-B4A3-4182-9048-49F2CF940429}.Debug|x64.Build.0 = Debug|x64
		{33901013-B4A3-4182-9048-49F2CF940429}.Debug|x64.Deploy.0 = Debug|x64
		{33901013-B4A3-4182-9048-49F2CF940429}.Debug|x86.ActiveCfg = Debug|x86
		{33901013-B4A3-4182-9048-49F2CF940429}.Debug|x86.Build.0 = Debug|x86
		{33901013-B4A3-4182-9048-49F2CF940429}.Debug|x86.Deploy.0 = Debug|x86
		{33901013-B4A3-4182-9048-49F2CF940429}.Release|Any CPU.ActiveCfg = Release|x86
		{33901013-B4A3-4182-9048-49F2CF940429}.Release|ARM.ActiveCfg = Release|ARM
		{33901013-B4A3-4182-9048-49F2CF940429}.Release|ARM.Build.0 = Release|ARM
		{33901013-B4A3-4182-9048-49F2CF940429}.Release|ARM.Deploy.0 = Release|ARM
		{33901013-B4A3-4182-9048-49F2CF940429}.Release|iPhone.ActiveCfg = Release|x86
		{33901013-B4A3-4182-9048-49F2CF940429}.Release|iPhoneSimulator.ActiveCfg = Release|x86
		{33901013-B4A3-4182-9048-49F2CF940429}.Release|x64.ActiveCfg = Release|x64
		{33901013-B4A3-4182-9048-49F2CF940429}.Release|x64.Build.0 = Release|x64
		{33901013-B4A3-4182-9048-49F2CF940429}.Release|x64.Deploy.0 = Release|x64
		{33901013-B4A3-4182-9048-49F2CF940429}.Release|x86.ActiveCfg = Release|x86
		{33901013-B4A3-4182-9048-49F2CF940429}.Release|x86.Build.0 = Release|x86
		{33901013-B4A3-4182-9048-49F2CF940429}.Release|x86.Deploy.0 = Release|x86
		{8E7486CB-D239-45B0-B6CB-C09DBE1E6798}.Debug|Any CPU.ActiveCfg = Debug|Any CPU
		{8E7486CB-D239-45B0-B6CB-C09DBE1E6798}.Debug|Any CPU.Build.0 = Debug|Any CPU
		{8E7486CB-D239-45B0-B6CB-C09DBE1E6798}.Debug|ARM.ActiveCfg = Debug|Any CPU
		{8E7486CB-D239-45B0-B6CB-C09DBE1E6798}.Debug|ARM.Build.0 = Debug|Any CPU
		{8E7486CB-D239-45B0-B6CB-C09DBE1E6798}.Debug|iPhone.ActiveCfg = Debug|Any CPU
		{8E7486CB-D239-45B0-B6CB-C09DBE1E6798}.Debug|iPhone.Build.0 = Debug|Any CPU
		{8E7486CB-D239-45B0-B6CB-C09DBE1E6798}.Debug|iPhoneSimulator.ActiveCfg = Debug|Any CPU
		{8E7486CB-D239-45B0-B6CB-C09DBE1E6798}.Debug|iPhoneSimulator.Build.0 = Debug|Any CPU
		{8E7486CB-D239-45B0-B6CB-C09DBE1E6798}.Debug|x64.ActiveCfg = Debug|Any CPU
		{8E7486CB-D239-45B0-B6CB-C09DBE1E6798}.Debug|x64.Build.0 = Debug|Any CPU
		{8E7486CB-D239-45B0-B6CB-C09DBE1E6798}.Debug|x86.ActiveCfg = Debug|Any CPU
		{8E7486CB-D239-45B0-B6CB-C09DBE1E6798}.Debug|x86.Build.0 = Debug|Any CPU
		{8E7486CB-D239-45B0-B6CB-C09DBE1E6798}.Release|Any CPU.ActiveCfg = Release|Any CPU
		{8E7486CB-D239-45B0-B6CB-C09DBE1E6798}.Release|Any CPU.Build.0 = Release|Any CPU
		{8E7486CB-D239-45B0-B6CB-C09DBE1E6798}.Release|ARM.ActiveCfg = Release|Any CPU
		{8E7486CB-D239-45B0-B6CB-C09DBE1E6798}.Release|ARM.Build.0 = Release|Any CPU
		{8E7486CB-D239-45B0-B6CB-C09DBE1E6798}.Release|iPhone.ActiveCfg = Release|Any CPU
		{8E7486CB-D239-45B0-B6CB-C09DBE1E6798}.Release|iPhone.Build.0 = Release|Any CPU
		{8E7486CB-D239-45B0-B6CB-C09DBE1E6798}.Release|iPhoneSimulator.ActiveCfg = Release|Any CPU
		{8E7486CB-D239-45B0-B6CB-C09DBE1E6798}.Release|iPhoneSimulator.Build.0 = Release|Any CPU
		{8E7486CB-D239-45B0-B6CB-C09DBE1E6798}.Release|x64.ActiveCfg = Release|Any CPU
		{8E7486CB-D239-45B0-B6CB-C09DBE1E6798}.Release|x64.Build.0 = Release|Any CPU
		{8E7486CB-D239-45B0-B6CB-C09DBE1E6798}.Release|x86.ActiveCfg = Release|Any CPU
		{8E7486CB-D239-45B0-B6CB-C09DBE1E6798}.Release|x86.Build.0 = Release|Any CPU
		{67A3CFA1-0B19-4DEE-90D7-7EAC598D361E}.Debug|Any CPU.ActiveCfg = Debug|Any CPU
		{67A3CFA1-0B19-4DEE-90D7-7EAC598D361E}.Debug|Any CPU.Build.0 = Debug|Any CPU
		{67A3CFA1-0B19-4DEE-90D7-7EAC598D361E}.Debug|ARM.ActiveCfg = Debug|Any CPU
		{67A3CFA1-0B19-4DEE-90D7-7EAC598D361E}.Debug|ARM.Build.0 = Debug|Any CPU
		{67A3CFA1-0B19-4DEE-90D7-7EAC598D361E}.Debug|iPhone.ActiveCfg = Debug|Any CPU
		{67A3CFA1-0B19-4DEE-90D7-7EAC598D361E}.Debug|iPhone.Build.0 = Debug|Any CPU
		{67A3CFA1-0B19-4DEE-90D7-7EAC598D361E}.Debug|iPhoneSimulator.ActiveCfg = Debug|Any CPU
		{67A3CFA1-0B19-4DEE-90D7-7EAC598D361E}.Debug|iPhoneSimulator.Build.0 = Debug|Any CPU
		{67A3CFA1-0B19-4DEE-90D7-7EAC598D361E}.Debug|x64.ActiveCfg = Debug|Any CPU
		{67A3CFA1-0B19-4DEE-90D7-7EAC598D361E}.Debug|x64.Build.0 = Debug|Any CPU
		{67A3CFA1-0B19-4DEE-90D7-7EAC598D361E}.Debug|x86.ActiveCfg = Debug|Any CPU
		{67A3CFA1-0B19-4DEE-90D7-7EAC598D361E}.Debug|x86.Build.0 = Debug|Any CPU
		{67A3CFA1-0B19-4DEE-90D7-7EAC598D361E}.Release|Any CPU.ActiveCfg = Release|Any CPU
		{67A3CFA1-0B19-4DEE-90D7-7EAC598D361E}.Release|Any CPU.Build.0 = Release|Any CPU
		{67A3CFA1-0B19-4DEE-90D7-7EAC598D361E}.Release|ARM.ActiveCfg = Release|Any CPU
		{67A3CFA1-0B19-4DEE-90D7-7EAC598D361E}.Release|ARM.Build.0 = Release|Any CPU
		{67A3CFA1-0B19-4DEE-90D7-7EAC598D361E}.Release|iPhone.ActiveCfg = Release|Any CPU
		{67A3CFA1-0B19-4DEE-90D7-7EAC598D361E}.Release|iPhone.Build.0 = Release|Any CPU
		{67A3CFA1-0B19-4DEE-90D7-7EAC598D361E}.Release|iPhoneSimulator.ActiveCfg = Release|Any CPU
		{67A3CFA1-0B19-4DEE-90D7-7EAC598D361E}.Release|iPhoneSimulator.Build.0 = Release|Any CPU
		{67A3CFA1-0B19-4DEE-90D7-7EAC598D361E}.Release|x64.ActiveCfg = Release|Any CPU
		{67A3CFA1-0B19-4DEE-90D7-7EAC598D361E}.Release|x64.Build.0 = Release|Any CPU
		{67A3CFA1-0B19-4DEE-90D7-7EAC598D361E}.Release|x86.ActiveCfg = Release|Any CPU
		{67A3CFA1-0B19-4DEE-90D7-7EAC598D361E}.Release|x86.Build.0 = Release|Any CPU
	EndGlobalSection
	GlobalSection(SolutionProperties) = preSolution
		HideSolutionNode = FALSE
	EndGlobalSection
	GlobalSection(NestedProjects) = preSolution
		{46424FAC-D076-48E8-A172-44040C1F8430} = {4CD22C16-BBD8-46FF-9203-EB493B2E04E9}
		{6FBE798D-BB43-4BB5-9C61-D6DD5B0E623A} = {4CD22C16-BBD8-46FF-9203-EB493B2E04E9}
		{78CCA323-47D0-4A72-969A-9F86436C82C3} = {4CD22C16-BBD8-46FF-9203-EB493B2E04E9}
		{33901013-B4A3-4182-9048-49F2CF940429} = {4CD22C16-BBD8-46FF-9203-EB493B2E04E9}
		{DA734F09-7837-4FC6-AD25-3BB54D73D5CF} = {4CD22C16-BBD8-46FF-9203-EB493B2E04E9}
	EndGlobalSection
EndGlobal
